<?xml version="1.0" encoding="utf-8"?>
<Project ToolsVersion="4.0" xmlns="http://schemas.microsoft.com/developer/msbuild/2003">
  <ItemGroup>
    <Filter Include="Resource Files">
      <UniqueIdentifier>{67DA6AB6-F800-4c08-8B7A-83BB121AAD01}</UniqueIdentifier>
      <Extensions>rc;ico;cur;bmp;dlg;rc2;rct;bin;rgs;gif;jpg;jpeg;jpe;resx;tiff;tif;png;wav;mfcribbon-ms</Extensions>
    </Filter>
    <Filter Include="Source Files">
      <UniqueIdentifier>{93995380-89BD-4b04-88EB-625FBE52EBFB}</UniqueIdentifier>
      <Extensions>h;hh;hpp;hxx;hm;inl;inc;xsd</Extensions>
    </Filter>
    <Filter Include="Source Files\math">
      <UniqueIdentifier>{8016f4ab-46de-4f96-a95c-d31a9c36bb1b}</UniqueIdentifier>
    </Filter>
    <Filter Include="Source Files\geometry">
      <UniqueIdentifier>{b5c91245-2b59-49a7-bf68-983b0f9f2a51}</UniqueIdentifier>
    </Filter>
    <Filter Include="Source Files\objects">
      <UniqueIdentifier>{8d996a3c-4d2e-4331-a37b-39f0a200cee5}</UniqueIdentifier>
    </Filter>
    <Filter Include="Source Files\rendering">
      <UniqueIdentifier>{797172f2-79ab-4e96-86fd-41fe6284c919}</UniqueIdentifier>
    </Filter>
    <Filter Include="Source Files\rendering\OpenGL">
      <UniqueIdentifier>{6ec300a1-4114-4405-9d32-a725d58af1c3}</UniqueIdentifier>
    </Filter>
    <Filter Include="Source Files\windowing">
      <UniqueIdentifier>{6cfef9d8-474e-45af-b010-da9814fb9479}</UniqueIdentifier>
    </Filter>
    <Filter Include="Source Files\events">
      <UniqueIdentifier>{63558b9e-e5c0-41f0-b94c-2ac404ed54e4}</UniqueIdentifier>
    </Filter>
    <Filter Include="Source Files\scene">
      <UniqueIdentifier>{d2cc5e3d-dbe6-41ea-ac4f-e72419901e97}</UniqueIdentifier>
    </Filter>
  </ItemGroup>
  <ItemGroup>
    <ClCompile Include="..\..\src\events\EventListener.cpp">
      <Filter>Source Files\events</Filter>
    </ClCompile>
    <ClCompile Include="..\..\src\windowing\Window.cpp">
      <Filter>Source Files\windowing</Filter>
    </ClCompile>
    <ClCompile Include="..\..\src\main.cpp">
      <Filter>Source Files</Filter>
    </ClCompile>
    <ClCompile Include="..\..\src\rendering\Material.cpp">
      <Filter>Source Files\rendering</Filter>
    </ClCompile>
    <ClCompile Include="..\..\src\rendering\OpenGL\OpenGLShader.cpp">
      <Filter>Source Files\rendering\OpenGL</Filter>
    </ClCompile>
    <ClCompile Include="..\..\src\rendering\ShaderFactory.cpp">
      <Filter>Source Files\rendering</Filter>
    </ClCompile>
  </ItemGroup>
  <ItemGroup>
    <ClInclude Include="..\..\src\events\EventListener.hpp">
      <Filter>Source Files\events</Filter>
    </ClInclude>
    <ClInclude Include="..\..\src\geometry\Mesh.hpp">
      <Filter>Source Files\geometry</Filter>
    </ClInclude>
    <ClInclude Include="..\..\src\math\Matrix.hpp">
      <Filter>Source Files\math</Filter>
    </ClInclude>
    <ClInclude Include="..\..\src\math\Transform.hpp">
      <Filter>Source Files\math</Filter>
    </ClInclude>
    <ClInclude Include="..\..\src\math\Vector.hpp">
      <Filter>Source Files\math</Filter>
    </ClInclude>
    <ClInclude Include="..\..\src\math\CommonMath.hpp">
      <Filter>Source Files\math</Filter>
    </ClInclude>
    <ClInclude Include="..\..\src\objects\Object.hpp">
      <Filter>Source Files\objects</Filter>
    </ClInclude>
    <ClInclude Include="..\..\src\rendering\MeshRenderer.hpp">
      <Filter>Source Files\rendering</Filter>
    </ClInclude>
    <ClInclude Include="..\..\src\rendering\RenderingContext.hpp">
      <Filter>Source Files\rendering</Filter>
    </ClInclude>
    <ClInclude Include="..\..\src\rendering\Camera.hpp">
      <Filter>Source Files\rendering</Filter>
    </ClInclude>
    <ClInclude Include="..\..\src\rendering\OpenGL\OpenGLRenderingContext.hpp">
      <Filter>Source Files\rendering\OpenGL</Filter>
    </ClInclude>
    <ClInclude Include="..\..\src\rendering\OpenGL\OpenGLMeshRenderer.hpp">
      <Filter>Source Files\rendering\OpenGL</Filter>
    </ClInclude>
    <ClInclude Include="..\..\src\scene\Scene.hpp">
      <Filter>Source Files\scene</Filter>
    </ClInclude>
    <ClInclude Include="..\..\src\windowing\Window.hpp">
      <Filter>Source Files\windowing</Filter>
    </ClInclude>
    <ClInclude Include="..\..\src\rendering\Shader.hpp">
      <Filter>Source Files\rendering</Filter>
    </ClInclude>
    <ClInclude Include="..\..\src\rendering\Material.hpp">
      <Filter>Source Files\rendering</Filter>
    </ClInclude>
    <ClInclude Include="..\..\src\objects\IObjectAddable.hpp">
      <Filter>Source Files\objects</Filter>
    </ClInclude>
    <ClInclude Include="..\..\src\rendering\OpenGL\OpenGLShader.hpp">
      <Filter>Source Files\rendering\OpenGL</Filter>
    </ClInclude>
    <ClInclude Include="..\..\src\rendering\ShaderFactory.hpp">
      <Filter>Source Files\rendering</Filter>
    </ClInclude>
  </ItemGroup>
</Project>