// !$*UTF8*$!
{
	archiveVersion = 1;
	classes = {
	};
	objectVersion = 46;
	objects = {

/* Begin PBXBuildFile section */
		87295EC11982B58100D6B728 /* defaultd.frag in Resources */ = {isa = PBXBuildFile; fileRef = 87295EBF1982B58100D6B728 /* defaultd.frag */; };
		87295EC21982B58100D6B728 /* defaultd.vert in Resources */ = {isa = PBXBuildFile; fileRef = 87295EC01982B58100D6B728 /* defaultd.vert */; };
		872F7BD6197975CE00E70464 /* Scene.cpp in Sources */ = {isa = PBXBuildFile; fileRef = 872F7BD4197975CE00E70464 /* Scene.cpp */; };
		8756FCCD197465A600A016AD /* Camera.cpp in Sources */ = {isa = PBXBuildFile; fileRef = 8756FCCB197465A600A016AD /* Camera.cpp */; };
		876EA3EE19523D3600AD06B5 /* LoadShaders.cpp in Sources */ = {isa = PBXBuildFile; fileRef = 876EA3EC19523D3600AD06B5 /* LoadShaders.cpp */; };
		876EA3EF19523D3600AD06B5 /* LoadShaders.cpp in Sources */ = {isa = PBXBuildFile; fileRef = 876EA3EC19523D3600AD06B5 /* LoadShaders.cpp */; };
		8781E88E19519977005CC999 /* SDL2.framework in Frameworks */ = {isa = PBXBuildFile; fileRef = 8781E88D19519977005CC999 /* SDL2.framework */; };
		87870FD81969DC030040533D /* CommonMath.cpp in Sources */ = {isa = PBXBuildFile; fileRef = 87870FD61969DC030040533D /* CommonMath.cpp */; };
		8787B0DE194DBEF900F894CA /* OpenGL.framework in Frameworks */ = {isa = PBXBuildFile; fileRef = 8787B0DD194DBEF900F894CA /* OpenGL.framework */; };
		87A0B747195A1261003F53C6 /* Matrix.cpp in Sources */ = {isa = PBXBuildFile; fileRef = 87A0B741195A1261003F53C6 /* Matrix.cpp */; };
		87A0B748195A1261003F53C6 /* Transform.cpp in Sources */ = {isa = PBXBuildFile; fileRef = 87A0B743195A1261003F53C6 /* Transform.cpp */; };
		87A0B749195A1261003F53C6 /* Vector.cpp in Sources */ = {isa = PBXBuildFile; fileRef = 87A0B745195A1261003F53C6 /* Vector.cpp */; };
		87BC838B19452C3E00D97C8E /* Cocoa.framework in Frameworks */ = {isa = PBXBuildFile; fileRef = 87BC838A19452C3E00D97C8E /* Cocoa.framework */; };
		87BC839519452C3E00D97C8E /* InfoPlist.strings in Resources */ = {isa = PBXBuildFile; fileRef = 87BC839319452C3E00D97C8E /* InfoPlist.strings */; };
		87BC839B19452C3E00D97C8E /* Credits.rtf in Resources */ = {isa = PBXBuildFile; fileRef = 87BC839919452C3E00D97C8E /* Credits.rtf */; };
		87BC83A319452C3E00D97C8E /* Images.xcassets in Resources */ = {isa = PBXBuildFile; fileRef = 87BC83A219452C3E00D97C8E /* Images.xcassets */; };
		87BC83AA19452C3E00D97C8E /* XCTest.framework in Frameworks */ = {isa = PBXBuildFile; fileRef = 87BC83A919452C3E00D97C8E /* XCTest.framework */; };
		87BC83AB19452C3E00D97C8E /* Cocoa.framework in Frameworks */ = {isa = PBXBuildFile; fileRef = 87BC838A19452C3E00D97C8E /* Cocoa.framework */; };
		87BC83B319452C3E00D97C8E /* InfoPlist.strings in Resources */ = {isa = PBXBuildFile; fileRef = 87BC83B119452C3E00D97C8E /* InfoPlist.strings */; };
		87BC83B519452C3E00D97C8E /* RendererTests.m in Sources */ = {isa = PBXBuildFile; fileRef = 87BC83B419452C3E00D97C8E /* RendererTests.m */; };
		87C224BF19702DC50012E201 /* default.frag in Resources */ = {isa = PBXBuildFile; fileRef = 87C224BD19702DC50012E201 /* default.frag */; };
		87C224C019702DC50012E201 /* default.vert in Resources */ = {isa = PBXBuildFile; fileRef = 87C224BE19702DC50012E201 /* default.vert */; };
		87C224C619702E5B0012E201 /* OpenGLMeshRenderer.cpp in Sources */ = {isa = PBXBuildFile; fileRef = 87C224C219702E5B0012E201 /* OpenGLMeshRenderer.cpp */; };
		87C224C719702E5B0012E201 /* OpenGLRenderingContext.cpp in Sources */ = {isa = PBXBuildFile; fileRef = 87C224C419702E5B0012E201 /* OpenGLRenderingContext.cpp */; };
		87C7B47F19516CFC004C5914 /* main.cpp in Sources */ = {isa = PBXBuildFile; fileRef = 87C7B47819516CFC004C5914 /* main.cpp */; };
		87CC70A31961B3BA001EDA7D /* Mesh.cpp in Sources */ = {isa = PBXBuildFile; fileRef = 87CC70A11961B3BA001EDA7D /* Mesh.cpp */; };
		87D8152019696284009A8A62 /* Object.cpp in Sources */ = {isa = PBXBuildFile; fileRef = 87D8151E19696284009A8A62 /* Object.cpp */; };
		87D8152319696389009A8A62 /* Window.cpp in Sources */ = {isa = PBXBuildFile; fileRef = 87D8152119696389009A8A62 /* Window.cpp */; };
		87D8152619696392009A8A62 /* EventListener.cpp in Sources */ = {isa = PBXBuildFile; fileRef = 87D8152419696392009A8A62 /* EventListener.cpp */; };
		87D8152C196963A3009A8A62 /* MeshRenderer.cpp in Sources */ = {isa = PBXBuildFile; fileRef = 87D81528196963A3009A8A62 /* MeshRenderer.cpp */; };
		87D8152D196963A3009A8A62 /* RenderingContext.cpp in Sources */ = {isa = PBXBuildFile; fileRef = 87D8152A196963A3009A8A62 /* RenderingContext.cpp */; };
/* End PBXBuildFile section */

/* Begin PBXContainerItemProxy section */
		87BC83AC19452C3E00D97C8E /* PBXContainerItemProxy */ = {
			isa = PBXContainerItemProxy;
			containerPortal = 87BC837F19452C3E00D97C8E /* Project object */;
			proxyType = 1;
			remoteGlobalIDString = 87BC838619452C3E00D97C8E;
			remoteInfo = Renderer;
		};
/* End PBXContainerItemProxy section */

/* Begin PBXFileReference section */
		87295EBF1982B58100D6B728 /* defaultd.frag */ = {isa = PBXFileReference; fileEncoding = 4; lastKnownFileType = sourcecode.glsl; name = defaultd.frag; path = shaders/GLSL/defaultd.frag; sourceTree = "<group>"; };
		87295EC01982B58100D6B728 /* defaultd.vert */ = {isa = PBXFileReference; fileEncoding = 4; lastKnownFileType = sourcecode.glsl; name = defaultd.vert; path = shaders/GLSL/defaultd.vert; sourceTree = "<group>"; };
		872F7BD4197975CE00E70464 /* Scene.cpp */ = {isa = PBXFileReference; fileEncoding = 4; lastKnownFileType = sourcecode.cpp.cpp; name = Scene.cpp; path = scene/Scene.cpp; sourceTree = "<group>"; };
		872F7BD5197975CE00E70464 /* Scene.hpp */ = {isa = PBXFileReference; fileEncoding = 4; lastKnownFileType = sourcecode.cpp.h; name = Scene.hpp; path = scene/Scene.hpp; sourceTree = "<group>"; };
		8756FCCB197465A600A016AD /* Camera.cpp */ = {isa = PBXFileReference; fileEncoding = 4; lastKnownFileType = sourcecode.cpp.cpp; name = Camera.cpp; path = rendering/Camera.cpp; sourceTree = "<group>"; };
		8756FCCC197465A600A016AD /* Camera.hpp */ = {isa = PBXFileReference; fileEncoding = 4; lastKnownFileType = sourcecode.cpp.h; name = Camera.hpp; path = rendering/Camera.hpp; sourceTree = "<group>"; };
		876EA3EC19523D3600AD06B5 /* LoadShaders.cpp */ = {isa = PBXFileReference; fileEncoding = 4; lastKnownFileType = sourcecode.cpp.cpp; name = LoadShaders.cpp; path = utility/LoadShaders.cpp; sourceTree = "<group>"; };
		876EA3ED19523D3600AD06B5 /* LoadShaders.hpp */ = {isa = PBXFileReference; fileEncoding = 4; lastKnownFileType = sourcecode.cpp.h; name = LoadShaders.hpp; path = utility/LoadShaders.hpp; sourceTree = "<group>"; };
		8781E88D19519977005CC999 /* SDL2.framework */ = {isa = PBXFileReference; lastKnownFileType = wrapper.framework; name = SDL2.framework; path = ../../../../../Library/Frameworks/SDL2.framework; sourceTree = "<group>"; };
		87870FD61969DC030040533D /* CommonMath.cpp */ = {isa = PBXFileReference; fileEncoding = 4; lastKnownFileType = sourcecode.cpp.cpp; name = CommonMath.cpp; path = math/CommonMath.cpp; sourceTree = "<group>"; };
		87870FD71969DC030040533D /* CommonMath.hpp */ = {isa = PBXFileReference; fileEncoding = 4; lastKnownFileType = sourcecode.cpp.h; name = CommonMath.hpp; path = math/CommonMath.hpp; sourceTree = "<group>"; };
		8787B0DD194DBEF900F894CA /* OpenGL.framework */ = {isa = PBXFileReference; lastKnownFileType = wrapper.framework; name = OpenGL.framework; path = System/Library/Frameworks/OpenGL.framework; sourceTree = SDKROOT; };
		87A0B741195A1261003F53C6 /* Matrix.cpp */ = {isa = PBXFileReference; fileEncoding = 4; lastKnownFileType = sourcecode.cpp.cpp; name = Matrix.cpp; path = math/Matrix.cpp; sourceTree = "<group>"; };
		87A0B742195A1261003F53C6 /* Matrix.hpp */ = {isa = PBXFileReference; fileEncoding = 4; lastKnownFileType = sourcecode.cpp.h; name = Matrix.hpp; path = math/Matrix.hpp; sourceTree = "<group>"; };
		87A0B743195A1261003F53C6 /* Transform.cpp */ = {isa = PBXFileReference; fileEncoding = 4; lastKnownFileType = sourcecode.cpp.cpp; name = Transform.cpp; path = math/Transform.cpp; sourceTree = "<group>"; };
		87A0B744195A1261003F53C6 /* Transform.hpp */ = {isa = PBXFileReference; fileEncoding = 4; lastKnownFileType = sourcecode.cpp.h; name = Transform.hpp; path = math/Transform.hpp; sourceTree = "<group>"; };
		87A0B745195A1261003F53C6 /* Vector.cpp */ = {isa = PBXFileReference; fileEncoding = 4; lastKnownFileType = sourcecode.cpp.cpp; name = Vector.cpp; path = math/Vector.cpp; sourceTree = "<group>"; };
		87A0B746195A1261003F53C6 /* Vector.hpp */ = {isa = PBXFileReference; fileEncoding = 4; lastKnownFileType = sourcecode.cpp.h; name = Vector.hpp; path = math/Vector.hpp; sourceTree = "<group>"; };
		87BC838719452C3E00D97C8E /* Renderer.app */ = {isa = PBXFileReference; explicitFileType = wrapper.application; includeInIndex = 0; path = Renderer.app; sourceTree = BUILT_PRODUCTS_DIR; };
		87BC838A19452C3E00D97C8E /* Cocoa.framework */ = {isa = PBXFileReference; lastKnownFileType = wrapper.framework; name = Cocoa.framework; path = System/Library/Frameworks/Cocoa.framework; sourceTree = SDKROOT; };
		87BC838D19452C3E00D97C8E /* AppKit.framework */ = {isa = PBXFileReference; lastKnownFileType = wrapper.framework; name = AppKit.framework; path = System/Library/Frameworks/AppKit.framework; sourceTree = SDKROOT; };
		87BC838E19452C3E00D97C8E /* CoreData.framework */ = {isa = PBXFileReference; lastKnownFileType = wrapper.framework; name = CoreData.framework; path = System/Library/Frameworks/CoreData.framework; sourceTree = SDKROOT; };
		87BC838F19452C3E00D97C8E /* Foundation.framework */ = {isa = PBXFileReference; lastKnownFileType = wrapper.framework; name = Foundation.framework; path = System/Library/Frameworks/Foundation.framework; sourceTree = SDKROOT; };
		87BC839219452C3E00D97C8E /* Renderer-Info.plist */ = {isa = PBXFileReference; lastKnownFileType = text.plist.xml; path = "Renderer-Info.plist"; sourceTree = "<group>"; };
		87BC839419452C3E00D97C8E /* en */ = {isa = PBXFileReference; lastKnownFileType = text.plist.strings; name = en; path = en.lproj/InfoPlist.strings; sourceTree = "<group>"; };
		87BC839819452C3E00D97C8E /* Renderer-Prefix.pch */ = {isa = PBXFileReference; lastKnownFileType = sourcecode.c.h; path = "Renderer-Prefix.pch"; sourceTree = "<group>"; };
		87BC839A19452C3E00D97C8E /* en */ = {isa = PBXFileReference; lastKnownFileType = text.rtf; name = en; path = en.lproj/Credits.rtf; sourceTree = "<group>"; };
		87BC83A219452C3E00D97C8E /* Images.xcassets */ = {isa = PBXFileReference; lastKnownFileType = folder.assetcatalog; path = Images.xcassets; sourceTree = "<group>"; };
		87BC83A819452C3E00D97C8E /* RendererTests.xctest */ = {isa = PBXFileReference; explicitFileType = wrapper.cfbundle; includeInIndex = 0; path = RendererTests.xctest; sourceTree = BUILT_PRODUCTS_DIR; };
		87BC83A919452C3E00D97C8E /* XCTest.framework */ = {isa = PBXFileReference; lastKnownFileType = wrapper.framework; name = XCTest.framework; path = Library/Frameworks/XCTest.framework; sourceTree = DEVELOPER_DIR; };
		87BC83B019452C3E00D97C8E /* RendererTests-Info.plist */ = {isa = PBXFileReference; lastKnownFileType = text.plist.xml; path = "RendererTests-Info.plist"; sourceTree = "<group>"; };
		87BC83B219452C3E00D97C8E /* en */ = {isa = PBXFileReference; lastKnownFileType = text.plist.strings; name = en; path = en.lproj/InfoPlist.strings; sourceTree = "<group>"; };
		87BC83B419452C3E00D97C8E /* RendererTests.m */ = {isa = PBXFileReference; lastKnownFileType = sourcecode.c.objc; path = RendererTests.m; sourceTree = "<group>"; };
		87C224BD19702DC50012E201 /* default.frag */ = {isa = PBXFileReference; fileEncoding = 4; lastKnownFileType = sourcecode.glsl; name = default.frag; path = shaders/GLSL/default.frag; sourceTree = "<group>"; };
		87C224BE19702DC50012E201 /* default.vert */ = {isa = PBXFileReference; fileEncoding = 4; lastKnownFileType = sourcecode.glsl; name = default.vert; path = shaders/GLSL/default.vert; sourceTree = "<group>"; };
		87C224C219702E5B0012E201 /* OpenGLMeshRenderer.cpp */ = {isa = PBXFileReference; fileEncoding = 4; lastKnownFileType = sourcecode.cpp.cpp; name = OpenGLMeshRenderer.cpp; path = rendering/OpenGL/OpenGLMeshRenderer.cpp; sourceTree = "<group>"; };
		87C224C319702E5B0012E201 /* OpenGLMeshRenderer.hpp */ = {isa = PBXFileReference; fileEncoding = 4; lastKnownFileType = sourcecode.cpp.h; name = OpenGLMeshRenderer.hpp; path = rendering/OpenGL/OpenGLMeshRenderer.hpp; sourceTree = "<group>"; };
		87C224C419702E5B0012E201 /* OpenGLRenderingContext.cpp */ = {isa = PBXFileReference; fileEncoding = 4; lastKnownFileType = sourcecode.cpp.cpp; name = OpenGLRenderingContext.cpp; path = rendering/OpenGL/OpenGLRenderingContext.cpp; sourceTree = "<group>"; };
		87C224C519702E5B0012E201 /* OpenGLRenderingContext.hpp */ = {isa = PBXFileReference; fileEncoding = 4; lastKnownFileType = sourcecode.cpp.h; name = OpenGLRenderingContext.hpp; path = rendering/OpenGL/OpenGLRenderingContext.hpp; sourceTree = "<group>"; };
		87C7B47819516CFC004C5914 /* main.cpp */ = {isa = PBXFileReference; fileEncoding = 4; lastKnownFileType = sourcecode.cpp.cpp; path = main.cpp; sourceTree = "<group>"; };
		87CC70A11961B3BA001EDA7D /* Mesh.cpp */ = {isa = PBXFileReference; fileEncoding = 4; lastKnownFileType = sourcecode.cpp.cpp; name = Mesh.cpp; path = geometry/Mesh.cpp; sourceTree = "<group>"; };
		87CC70A21961B3BA001EDA7D /* Mesh.hpp */ = {isa = PBXFileReference; fileEncoding = 4; lastKnownFileType = sourcecode.cpp.h; name = Mesh.hpp; path = geometry/Mesh.hpp; sourceTree = "<group>"; };
		87D8151E19696284009A8A62 /* Object.cpp */ = {isa = PBXFileReference; fileEncoding = 4; lastKnownFileType = sourcecode.cpp.cpp; name = Object.cpp; path = objects/Object.cpp; sourceTree = "<group>"; };
		87D8151F19696284009A8A62 /* Object.hpp */ = {isa = PBXFileReference; fileEncoding = 4; lastKnownFileType = sourcecode.cpp.h; name = Object.hpp; path = objects/Object.hpp; sourceTree = "<group>"; };
		87D8152119696389009A8A62 /* Window.cpp */ = {isa = PBXFileReference; fileEncoding = 4; lastKnownFileType = sourcecode.cpp.cpp; name = Window.cpp; path = windowing/Window.cpp; sourceTree = "<group>"; };
		87D8152219696389009A8A62 /* Window.hpp */ = {isa = PBXFileReference; fileEncoding = 4; lastKnownFileType = sourcecode.cpp.h; name = Window.hpp; path = windowing/Window.hpp; sourceTree = "<group>"; };
		87D8152419696392009A8A62 /* EventListener.cpp */ = {isa = PBXFileReference; fileEncoding = 4; lastKnownFileType = sourcecode.cpp.cpp; name = EventListener.cpp; path = events/EventListener.cpp; sourceTree = "<group>"; };
		87D8152519696392009A8A62 /* EventListener.hpp */ = {isa = PBXFileReference; fileEncoding = 4; lastKnownFileType = sourcecode.cpp.h; name = EventListener.hpp; path = events/EventListener.hpp; sourceTree = "<group>"; };
		87D81528196963A3009A8A62 /* MeshRenderer.cpp */ = {isa = PBXFileReference; fileEncoding = 4; lastKnownFileType = sourcecode.cpp.cpp; name = MeshRenderer.cpp; path = rendering/MeshRenderer.cpp; sourceTree = "<group>"; };
		87D81529196963A3009A8A62 /* MeshRenderer.hpp */ = {isa = PBXFileReference; fileEncoding = 4; lastKnownFileType = sourcecode.cpp.h; name = MeshRenderer.hpp; path = rendering/MeshRenderer.hpp; sourceTree = "<group>"; };
		87D8152A196963A3009A8A62 /* RenderingContext.cpp */ = {isa = PBXFileReference; fileEncoding = 4; lastKnownFileType = sourcecode.cpp.cpp; name = RenderingContext.cpp; path = rendering/RenderingContext.cpp; sourceTree = "<group>"; };
		87D8152B196963A3009A8A62 /* RenderingContext.hpp */ = {isa = PBXFileReference; fileEncoding = 4; lastKnownFileType = sourcecode.cpp.h; name = RenderingContext.hpp; path = rendering/RenderingContext.hpp; sourceTree = "<group>"; };
		87D8152E196978C0009A8A62 /* libmathCommon.dylib */ = {isa = PBXFileReference; lastKnownFileType = "compiled.mach-o.dylib"; name = libmathCommon.dylib; path = usr/lib/system/libmathCommon.dylib; sourceTree = SDKROOT; };
/* End PBXFileReference section */

/* Begin PBXFrameworksBuildPhase section */
		87BC838419452C3E00D97C8E /* Frameworks */ = {
			isa = PBXFrameworksBuildPhase;
			buildActionMask = 2147483647;
			files = (
				8781E88E19519977005CC999 /* SDL2.framework in Frameworks */,
				8787B0DE194DBEF900F894CA /* OpenGL.framework in Frameworks */,
				87BC838B19452C3E00D97C8E /* Cocoa.framework in Frameworks */,
			);
			runOnlyForDeploymentPostprocessing = 0;
		};
		87BC83A519452C3E00D97C8E /* Frameworks */ = {
			isa = PBXFrameworksBuildPhase;
			buildActionMask = 2147483647;
			files = (
				87BC83AB19452C3E00D97C8E /* Cocoa.framework in Frameworks */,
				87BC83AA19452C3E00D97C8E /* XCTest.framework in Frameworks */,
			);
			runOnlyForDeploymentPostprocessing = 0;
		};
/* End PBXFrameworksBuildPhase section */

/* Begin PBXGroup section */
		872F7BD21979756D00E70464 /* scene */ = {
			isa = PBXGroup;
			children = (
				872F7BD4197975CE00E70464 /* Scene.cpp */,
				872F7BD5197975CE00E70464 /* Scene.hpp */,
			);
			name = scene;
			sourceTree = "<group>";
		};
		876EA3EB19523D1A00AD06B5 /* utility */ = {
			isa = PBXGroup;
			children = (
				876EA3EC19523D3600AD06B5 /* LoadShaders.cpp */,
				876EA3ED19523D3600AD06B5 /* LoadShaders.hpp */,
			);
			name = utility;
			sourceTree = "<group>";
		};
		876EA3F019524A1B00AD06B5 /* shaders */ = {
			isa = PBXGroup;
			children = (
				87C224BC19702DB80012E201 /* GLSL */,
			);
			name = shaders;
			sourceTree = "<group>";
		};
		87A0B74019599156003F53C6 /* math */ = {
			isa = PBXGroup;
			children = (
				87870FD61969DC030040533D /* CommonMath.cpp */,
				87870FD71969DC030040533D /* CommonMath.hpp */,
				87A0B741195A1261003F53C6 /* Matrix.cpp */,
				87A0B742195A1261003F53C6 /* Matrix.hpp */,
				87A0B743195A1261003F53C6 /* Transform.cpp */,
				87A0B744195A1261003F53C6 /* Transform.hpp */,
				87A0B745195A1261003F53C6 /* Vector.cpp */,
				87A0B746195A1261003F53C6 /* Vector.hpp */,
			);
			name = math;
			sourceTree = "<group>";
		};
		87BC837E19452C3E00D97C8E = {
			isa = PBXGroup;
			children = (
				87BC839019452C3E00D97C8E /* Renderer */,
				87BC83AE19452C3E00D97C8E /* RendererTests */,
				87BC838919452C3E00D97C8E /* Frameworks */,
				87BC838819452C3E00D97C8E /* Products */,
			);
			sourceTree = "<group>";
		};
		87BC838819452C3E00D97C8E /* Products */ = {
			isa = PBXGroup;
			children = (
				87BC838719452C3E00D97C8E /* Renderer.app */,
				87BC83A819452C3E00D97C8E /* RendererTests.xctest */,
			);
			name = Products;
			sourceTree = "<group>";
		};
		87BC838919452C3E00D97C8E /* Frameworks */ = {
			isa = PBXGroup;
			children = (
				87D8152E196978C0009A8A62 /* libmathCommon.dylib */,
				8781E88D19519977005CC999 /* SDL2.framework */,
				8787B0DD194DBEF900F894CA /* OpenGL.framework */,
				87BC838A19452C3E00D97C8E /* Cocoa.framework */,
				87BC83A919452C3E00D97C8E /* XCTest.framework */,
				87BC838C19452C3E00D97C8E /* Other Frameworks */,
			);
			name = Frameworks;
			sourceTree = "<group>";
		};
		87BC838C19452C3E00D97C8E /* Other Frameworks */ = {
			isa = PBXGroup;
			children = (
				87BC838D19452C3E00D97C8E /* AppKit.framework */,
				87BC838E19452C3E00D97C8E /* CoreData.framework */,
				87BC838F19452C3E00D97C8E /* Foundation.framework */,
			);
			name = "Other Frameworks";
			sourceTree = "<group>";
		};
		87BC839019452C3E00D97C8E /* Renderer */ = {
			isa = PBXGroup;
			children = (
				87C7B47719516CFC004C5914 /* Cross Platform Code */,
				87BC83A219452C3E00D97C8E /* Images.xcassets */,
				87BC839119452C3E00D97C8E /* Supporting Files */,
			);
			path = Renderer;
			sourceTree = "<group>";
		};
		87BC839119452C3E00D97C8E /* Supporting Files */ = {
			isa = PBXGroup;
			children = (
				87BC839219452C3E00D97C8E /* Renderer-Info.plist */,
				87BC839319452C3E00D97C8E /* InfoPlist.strings */,
				87BC839819452C3E00D97C8E /* Renderer-Prefix.pch */,
				87BC839919452C3E00D97C8E /* Credits.rtf */,
			);
			name = "Supporting Files";
			sourceTree = "<group>";
		};
		87BC83AE19452C3E00D97C8E /* RendererTests */ = {
			isa = PBXGroup;
			children = (
				87BC83B419452C3E00D97C8E /* RendererTests.m */,
				87BC83AF19452C3E00D97C8E /* Supporting Files */,
			);
			path = RendererTests;
			sourceTree = "<group>";
		};
		87BC83AF19452C3E00D97C8E /* Supporting Files */ = {
			isa = PBXGroup;
			children = (
				87BC83B019452C3E00D97C8E /* RendererTests-Info.plist */,
				87BC83B119452C3E00D97C8E /* InfoPlist.strings */,
			);
			name = "Supporting Files";
			sourceTree = "<group>";
		};
		87C224BC19702DB80012E201 /* GLSL */ = {
			isa = PBXGroup;
			children = (
				87295EBF1982B58100D6B728 /* defaultd.frag */,
				87295EC01982B58100D6B728 /* defaultd.vert */,
				87C224BD19702DC50012E201 /* default.frag */,
				87C224BE19702DC50012E201 /* default.vert */,
			);
			name = GLSL;
			sourceTree = "<group>";
		};
		87C224C119702E520012E201 /* OpenGL */ = {
			isa = PBXGroup;
			children = (
				87C224C219702E5B0012E201 /* OpenGLMeshRenderer.cpp */,
				87C224C319702E5B0012E201 /* OpenGLMeshRenderer.hpp */,
				87C224C419702E5B0012E201 /* OpenGLRenderingContext.cpp */,
				87C224C519702E5B0012E201 /* OpenGLRenderingContext.hpp */,
			);
			name = OpenGL;
			sourceTree = "<group>";
		};
		87C7B47719516CFC004C5914 /* Cross Platform Code */ = {
			isa = PBXGroup;
			children = (
				872F7BD21979756D00E70464 /* scene */,
				87D8152719696398009A8A62 /* rendering */,
				87D8151D1969626D009A8A62 /* windowing */,
				87D8151B19696259009A8A62 /* objects */,
				87D8151A19696251009A8A62 /* events */,
				87CC70A01961B3A1001EDA7D /* geometry */,
				87A0B74019599156003F53C6 /* math */,
				876EA3F019524A1B00AD06B5 /* shaders */,
				876EA3EB19523D1A00AD06B5 /* utility */,
				87C7B47819516CFC004C5914 /* main.cpp */,
			);
			name = "Cross Platform Code";
			path = ../../src;
			sourceTree = "<group>";
		};
		87CC70A01961B3A1001EDA7D /* geometry */ = {
			isa = PBXGroup;
			children = (
				87CC70A11961B3BA001EDA7D /* Mesh.cpp */,
				87CC70A21961B3BA001EDA7D /* Mesh.hpp */,
			);
			name = geometry;
			sourceTree = "<group>";
		};
		87D8151A19696251009A8A62 /* events */ = {
			isa = PBXGroup;
			children = (
				87D8152419696392009A8A62 /* EventListener.cpp */,
				87D8152519696392009A8A62 /* EventListener.hpp */,
			);
			name = events;
			sourceTree = "<group>";
		};
		87D8151B19696259009A8A62 /* objects */ = {
			isa = PBXGroup;
			children = (
				87D8151E19696284009A8A62 /* Object.cpp */,
				87D8151F19696284009A8A62 /* Object.hpp */,
			);
			name = objects;
			sourceTree = "<group>";
		};
		87D8151D1969626D009A8A62 /* windowing */ = {
			isa = PBXGroup;
			children = (
				87D8152119696389009A8A62 /* Window.cpp */,
				87D8152219696389009A8A62 /* Window.hpp */,
			);
			name = windowing;
			sourceTree = "<group>";
		};
		87D8152719696398009A8A62 /* rendering */ = {
			isa = PBXGroup;
			children = (
				8756FCCB197465A600A016AD /* Camera.cpp */,
				8756FCCC197465A600A016AD /* Camera.hpp */,
				87C224C119702E520012E201 /* OpenGL */,
				87D81528196963A3009A8A62 /* MeshRenderer.cpp */,
				87D81529196963A3009A8A62 /* MeshRenderer.hpp */,
				87D8152A196963A3009A8A62 /* RenderingContext.cpp */,
				87D8152B196963A3009A8A62 /* RenderingContext.hpp */,
			);
			name = rendering;
			sourceTree = "<group>";
		};
/* End PBXGroup section */

/* Begin PBXNativeTarget section */
		87BC838619452C3E00D97C8E /* Renderer */ = {
			isa = PBXNativeTarget;
			buildConfigurationList = 87BC83B819452C3E00D97C8E /* Build configuration list for PBXNativeTarget "Renderer" */;
			buildPhases = (
				87BC838319452C3E00D97C8E /* Sources */,
				87BC838419452C3E00D97C8E /* Frameworks */,
				87BC838519452C3E00D97C8E /* Resources */,
			);
			buildRules = (
			);
			dependencies = (
			);
			name = Renderer;
			productName = Renderer;
			productReference = 87BC838719452C3E00D97C8E /* Renderer.app */;
			productType = "com.apple.product-type.application";
		};
		87BC83A719452C3E00D97C8E /* RendererTests */ = {
			isa = PBXNativeTarget;
			buildConfigurationList = 87BC83BB19452C3E00D97C8E /* Build configuration list for PBXNativeTarget "RendererTests" */;
			buildPhases = (
				87BC83A419452C3E00D97C8E /* Sources */,
				87BC83A519452C3E00D97C8E /* Frameworks */,
				87BC83A619452C3E00D97C8E /* Resources */,
			);
			buildRules = (
			);
			dependencies = (
				87BC83AD19452C3E00D97C8E /* PBXTargetDependency */,
			);
			name = RendererTests;
			productName = RendererTests;
			productReference = 87BC83A819452C3E00D97C8E /* RendererTests.xctest */;
			productType = "com.apple.product-type.bundle.unit-test";
		};
/* End PBXNativeTarget section */

/* Begin PBXProject section */
		87BC837F19452C3E00D97C8E /* Project object */ = {
			isa = PBXProject;
			attributes = {
				CLASSPREFIX = Renderer;
				LastUpgradeCheck = 0510;
				ORGANIZATIONNAME = "Christopher Berry";
				TargetAttributes = {
					87BC83A719452C3E00D97C8E = {
						TestTargetID = 87BC838619452C3E00D97C8E;
					};
				};
			};
			buildConfigurationList = 87BC838219452C3E00D97C8E /* Build configuration list for PBXProject "Renderer" */;
			compatibilityVersion = "Xcode 3.2";
			developmentRegion = English;
			hasScannedForEncodings = 0;
			knownRegions = (
				en,
				Base,
			);
			mainGroup = 87BC837E19452C3E00D97C8E;
			productRefGroup = 87BC838819452C3E00D97C8E /* Products */;
			projectDirPath = "";
			projectRoot = "";
			targets = (
				87BC838619452C3E00D97C8E /* Renderer */,
				87BC83A719452C3E00D97C8E /* RendererTests */,
			);
		};
/* End PBXProject section */

/* Begin PBXResourcesBuildPhase section */
		87BC838519452C3E00D97C8E /* Resources */ = {
			isa = PBXResourcesBuildPhase;
			buildActionMask = 2147483647;
			files = (
				87C224C019702DC50012E201 /* default.vert in Resources */,
				87BC839519452C3E00D97C8E /* InfoPlist.strings in Resources */,
				87295EC11982B58100D6B728 /* defaultd.frag in Resources */,
				87BC83A319452C3E00D97C8E /* Images.xcassets in Resources */,
				87BC839B19452C3E00D97C8E /* Credits.rtf in Resources */,
				87C224BF19702DC50012E201 /* default.frag in Resources */,
				87295EC21982B58100D6B728 /* defaultd.vert in Resources */,
			);
			runOnlyForDeploymentPostprocessing = 0;
		};
		87BC83A619452C3E00D97C8E /* Resources */ = {
			isa = PBXResourcesBuildPhase;
			buildActionMask = 2147483647;
			files = (
				87BC83B319452C3E00D97C8E /* InfoPlist.strings in Resources */,
			);
			runOnlyForDeploymentPostprocessing = 0;
		};
/* End PBXResourcesBuildPhase section */

/* Begin PBXSourcesBuildPhase section */
		87BC838319452C3E00D97C8E /* Sources */ = {
			isa = PBXSourcesBuildPhase;
			buildActionMask = 2147483647;
			files = (
				87D8152D196963A3009A8A62 /* RenderingContext.cpp in Sources */,
				87A0B748195A1261003F53C6 /* Transform.cpp in Sources */,
				87870FD81969DC030040533D /* CommonMath.cpp in Sources */,
				87D8152019696284009A8A62 /* Object.cpp in Sources */,
				87A0B747195A1261003F53C6 /* Matrix.cpp in Sources */,
				87D8152319696389009A8A62 /* Window.cpp in Sources */,
				87D8152C196963A3009A8A62 /* MeshRenderer.cpp in Sources */,
				8756FCCD197465A600A016AD /* Camera.cpp in Sources */,
				872F7BD6197975CE00E70464 /* Scene.cpp in Sources */,
				87A0B749195A1261003F53C6 /* Vector.cpp in Sources */,
				87D8152619696392009A8A62 /* EventListener.cpp in Sources */,
				876EA3EE19523D3600AD06B5 /* LoadShaders.cpp in Sources */,
				87CC70A31961B3BA001EDA7D /* Mesh.cpp in Sources */,
				87C224C719702E5B0012E201 /* OpenGLRenderingContext.cpp in Sources */,
				87C7B47F19516CFC004C5914 /* main.cpp in Sources */,
				87C224C619702E5B0012E201 /* OpenGLMeshRenderer.cpp in Sources */,
			);
			runOnlyForDeploymentPostprocessing = 0;
		};
		87BC83A419452C3E00D97C8E /* Sources */ = {
			isa = PBXSourcesBuildPhase;
			buildActionMask = 2147483647;
			files = (
				876EA3EF19523D3600AD06B5 /* LoadShaders.cpp in Sources */,
				87BC83B519452C3E00D97C8E /* RendererTests.m in Sources */,
			);
			runOnlyForDeploymentPostprocessing = 0;
		};
/* End PBXSourcesBuildPhase section */

/* Begin PBXTargetDependency section */
		87BC83AD19452C3E00D97C8E /* PBXTargetDependency */ = {
			isa = PBXTargetDependency;
			target = 87BC838619452C3E00D97C8E /* Renderer */;
			targetProxy = 87BC83AC19452C3E00D97C8E /* PBXContainerItemProxy */;
		};
/* End PBXTargetDependency section */

/* Begin PBXVariantGroup section */
		87BC839319452C3E00D97C8E /* InfoPlist.strings */ = {
			isa = PBXVariantGroup;
			children = (
				87BC839419452C3E00D97C8E /* en */,
			);
			name = InfoPlist.strings;
			sourceTree = "<group>";
		};
		87BC839919452C3E00D97C8E /* Credits.rtf */ = {
			isa = PBXVariantGroup;
			children = (
				87BC839A19452C3E00D97C8E /* en */,
			);
			name = Credits.rtf;
			sourceTree = "<group>";
		};
		87BC83B119452C3E00D97C8E /* InfoPlist.strings */ = {
			isa = PBXVariantGroup;
			children = (
				87BC83B219452C3E00D97C8E /* en */,
			);
			name = InfoPlist.strings;
			sourceTree = "<group>";
		};
/* End PBXVariantGroup section */

/* Begin XCBuildConfiguration section */
		87BC83B619452C3E00D97C8E /* Debug */ = {
			isa = XCBuildConfiguration;
			buildSettings = {
				ALWAYS_SEARCH_USER_PATHS = YES;
				CLANG_CXX_LANGUAGE_STANDARD = "gnu++0x";
				CLANG_CXX_LIBRARY = "libc++";
				CLANG_ENABLE_MODULES = YES;
				CLANG_ENABLE_OBJC_ARC = YES;
				CLANG_WARN_BOOL_CONVERSION = YES;
				CLANG_WARN_CONSTANT_CONVERSION = YES;
				CLANG_WARN_DIRECT_OBJC_ISA_USAGE = YES_ERROR;
				CLANG_WARN_EMPTY_BODY = YES;
				CLANG_WARN_ENUM_CONVERSION = YES;
				CLANG_WARN_INT_CONVERSION = YES;
				CLANG_WARN_OBJC_ROOT_CLASS = YES_ERROR;
				CLANG_WARN__DUPLICATE_METHOD_MATCH = YES;
				COPY_PHASE_STRIP = NO;
				GCC_C_LANGUAGE_STANDARD = gnu99;
				GCC_DYNAMIC_NO_PIC = NO;
				GCC_ENABLE_OBJC_EXCEPTIONS = YES;
				GCC_OPTIMIZATION_LEVEL = 0;
				GCC_PREPROCESSOR_DEFINITIONS = (
					"DEBUG=1",
					"$(inherited)",
				);
				GCC_SYMBOLS_PRIVATE_EXTERN = NO;
				GCC_WARN_64_TO_32_BIT_CONVERSION = YES;
				GCC_WARN_ABOUT_RETURN_TYPE = YES_ERROR;
				GCC_WARN_UNDECLARED_SELECTOR = YES;
				GCC_WARN_UNINITIALIZED_AUTOS = YES_AGGRESSIVE;
				GCC_WARN_UNUSED_FUNCTION = YES;
				GCC_WARN_UNUSED_VARIABLE = YES;
				MACOSX_DEPLOYMENT_TARGET = 10.9;
				ONLY_ACTIVE_ARCH = YES;
				SDKROOT = macosx;
				"USER_HEADER_SEARCH_PATHS[arch=*]" = "\"${PROJECT_DIR}\"/../src";
			};
			name = Debug;
		};
		87BC83B719452C3E00D97C8E /* Release */ = {
			isa = XCBuildConfiguration;
			buildSettings = {
				ALWAYS_SEARCH_USER_PATHS = YES;
				CLANG_CXX_LANGUAGE_STANDARD = "gnu++0x";
				CLANG_CXX_LIBRARY = "libc++";
				CLANG_ENABLE_MODULES = YES;
				CLANG_ENABLE_OBJC_ARC = YES;
				CLANG_WARN_BOOL_CONVERSION = YES;
				CLANG_WARN_CONSTANT_CONVERSION = YES;
				CLANG_WARN_DIRECT_OBJC_ISA_USAGE = YES_ERROR;
				CLANG_WARN_EMPTY_BODY = YES;
				CLANG_WARN_ENUM_CONVERSION = YES;
				CLANG_WARN_INT_CONVERSION = YES;
				CLANG_WARN_OBJC_ROOT_CLASS = YES_ERROR;
				CLANG_WARN__DUPLICATE_METHOD_MATCH = YES;
				COPY_PHASE_STRIP = YES;
				DEBUG_INFORMATION_FORMAT = "dwarf-with-dsym";
				ENABLE_NS_ASSERTIONS = NO;
				GCC_C_LANGUAGE_STANDARD = gnu99;
				GCC_ENABLE_OBJC_EXCEPTIONS = YES;
				GCC_WARN_64_TO_32_BIT_CONVERSION = YES;
				GCC_WARN_ABOUT_RETURN_TYPE = YES_ERROR;
				GCC_WARN_UNDECLARED_SELECTOR = YES;
				GCC_WARN_UNINITIALIZED_AUTOS = YES_AGGRESSIVE;
				GCC_WARN_UNUSED_FUNCTION = YES;
				GCC_WARN_UNUSED_VARIABLE = YES;
				MACOSX_DEPLOYMENT_TARGET = 10.9;
				SDKROOT = macosx;
				"USER_HEADER_SEARCH_PATHS[arch=*]" = "\"${PROJECT_DIR}\"/../src";
			};
			name = Release;
		};
		87BC83B919452C3E00D97C8E /* Debug */ = {
			isa = XCBuildConfiguration;
			buildSettings = {
				ASSETCATALOG_COMPILER_APPICON_NAME = AppIcon;
				COMBINE_HIDPI_IMAGES = YES;
				FRAMEWORK_SEARCH_PATHS = (
					"$(inherited)",
					"$(LOCAL_LIBRARY_DIR)/Frameworks",
				);
				GCC_PRECOMPILE_PREFIX_HEADER = YES;
				GCC_PREFIX_HEADER = "Renderer/Renderer-Prefix.pch";
				INFOPLIST_FILE = "Renderer/Renderer-Info.plist";
				LIBRARY_SEARCH_PATHS = (
					"$(inherited)",
					"$(LOCAL_LIBRARY_DIR)/Frameworks/SDL2.framework/Versions/A",
					"$(SDKROOT)/usr/lib/system",
				);
				PRODUCT_NAME = "$(TARGET_NAME)";
				WRAPPER_EXTENSION = app;
			};
			name = Debug;
		};
		87BC83BA19452C3E00D97C8E /* Release */ = {
			isa = XCBuildConfiguration;
			buildSettings = {
				ASSETCATALOG_COMPILER_APPICON_NAME = AppIcon;
				COMBINE_HIDPI_IMAGES = YES;
				FRAMEWORK_SEARCH_PATHS = (
					"$(inherited)",
					"$(LOCAL_LIBRARY_DIR)/Frameworks",
				);
				GCC_PRECOMPILE_PREFIX_HEADER = YES;
				GCC_PREFIX_HEADER = "Renderer/Renderer-Prefix.pch";
				INFOPLIST_FILE = "Renderer/Renderer-Info.plist";
				LIBRARY_SEARCH_PATHS = (
					"$(inherited)",
					"$(LOCAL_LIBRARY_DIR)/Frameworks/SDL2.framework/Versions/A",
					"$(SDKROOT)/usr/lib/system",
				);
				PRODUCT_NAME = "$(TARGET_NAME)";
				WRAPPER_EXTENSION = app;
			};
			name = Release;
		};
		87BC83BC19452C3E00D97C8E /* Debug */ = {
			isa = XCBuildConfiguration;
			buildSettings = {
				BUNDLE_LOADER = "$(BUILT_PRODUCTS_DIR)/Renderer.app/Contents/MacOS/Renderer";
				COMBINE_HIDPI_IMAGES = YES;
				FRAMEWORK_SEARCH_PATHS = (
					"$(DEVELOPER_FRAMEWORKS_DIR)",
					"$(inherited)",
				);
				GCC_PRECOMPILE_PREFIX_HEADER = YES;
				GCC_PREFIX_HEADER = "Renderer/Renderer-Prefix.pch";
				GCC_PREPROCESSOR_DEFINITIONS = (
					"DEBUG=1",
					"$(inherited)",
				);
				INFOPLIST_FILE = "RendererTests/RendererTests-Info.plist";
				PRODUCT_NAME = "$(TARGET_NAME)";
				TEST_HOST = "$(BUNDLE_LOADER)";
				WRAPPER_EXTENSION = xctest;
			};
			name = Debug;
		};
		87BC83BD19452C3E00D97C8E /* Release */ = {
			isa = XCBuildConfiguration;
			buildSettings = {
				BUNDLE_LOADER = "$(BUILT_PRODUCTS_DIR)/Renderer.app/Contents/MacOS/Renderer";
				COMBINE_HIDPI_IMAGES = YES;
				FRAMEWORK_SEARCH_PATHS = (
					"$(DEVELOPER_FRAMEWORKS_DIR)",
					"$(inherited)",
				);
				GCC_PRECOMPILE_PREFIX_HEADER = YES;
				GCC_PREFIX_HEADER = "Renderer/Renderer-Prefix.pch";
				INFOPLIST_FILE = "RendererTests/RendererTests-Info.plist";
				PRODUCT_NAME = "$(TARGET_NAME)";
				TEST_HOST = "$(BUNDLE_LOADER)";
				WRAPPER_EXTENSION = xctest;
			};
			name = Release;
		};
/* End XCBuildConfiguration section */

/* Begin XCConfigurationList section */
		87BC838219452C3E00D97C8E /* Build configuration list for PBXProject "Renderer" */ = {
			isa = XCConfigurationList;
			buildConfigurations = (
				87BC83B619452C3E00D97C8E /* Debug */,
				87BC83B719452C3E00D97C8E /* Release */,
			);
			defaultConfigurationIsVisible = 0;
			defaultConfigurationName = Release;
		};
		87BC83B819452C3E00D97C8E /* Build configuration list for PBXNativeTarget "Renderer" */ = {
			isa = XCConfigurationList;
			buildConfigurations = (
				87BC83B919452C3E00D97C8E /* Debug */,
				87BC83BA19452C3E00D97C8E /* Release */,
			);
			defaultConfigurationIsVisible = 0;
			defaultConfigurationName = Release;
		};
		87BC83BB19452C3E00D97C8E /* Build configuration list for PBXNativeTarget "RendererTests" */ = {
			isa = XCConfigurationList;
			buildConfigurations = (
				87BC83BC19452C3E00D97C8E /* Debug */,
				87BC83BD19452C3E00D97C8E /* Release */,
			);
			defaultConfigurationIsVisible = 0;
			defaultConfigurationName = Release;
		};
/* End XCConfigurationList section */
	};
	rootObject = 87BC837F19452C3E00D97C8E /* Project object */;
}
