// !$*UTF8*$!
{
	archiveVersion = 1;
	classes = {
	};
	objectVersion = 46;
	objects = {

/* Begin PBXBuildFile section */
		870CC6C31985B822008A56E5 /* default.geom in Resources */ = {isa = PBXBuildFile; fileRef = 870CC6C11985B822008A56E5 /* default.geom */; };
		87304D2319ED68E700515ECE /* main.m in Sources */ = {isa = PBXBuildFile; fileRef = 87304D2219ED68E700515ECE /* main.m */; };
		87304D2619ED68E700515ECE /* AppDelegate.m in Sources */ = {isa = PBXBuildFile; fileRef = 87304D2519ED68E700515ECE /* AppDelegate.m */; };
		87304D2919ED68E700515ECE /* Renderer_iOS.xcdatamodeld in Sources */ = {isa = PBXBuildFile; fileRef = 87304D2719ED68E700515ECE /* Renderer_iOS.xcdatamodeld */; };
		87304D2C19ED68E700515ECE /* RendererViewController.m in Sources */ = {isa = PBXBuildFile; fileRef = 87304D2B19ED68E700515ECE /* RendererViewController.m */; };
		87304D2F19ED68E700515ECE /* Main.storyboard in Resources */ = {isa = PBXBuildFile; fileRef = 87304D2D19ED68E700515ECE /* Main.storyboard */; };
		87304D3119ED68E700515ECE /* Images.xcassets in Resources */ = {isa = PBXBuildFile; fileRef = 87304D3019ED68E700515ECE /* Images.xcassets */; };
		87304D3419ED68E700515ECE /* LaunchScreen.xib in Resources */ = {isa = PBXBuildFile; fileRef = 87304D3219ED68E700515ECE /* LaunchScreen.xib */; };
		87304D4019ED68E700515ECE /* Renderer_iOSTests.m in Sources */ = {isa = PBXBuildFile; fileRef = 87304D3F19ED68E700515ECE /* Renderer_iOSTests.m */; };
		873C753D198A7C9000CC151A /* Material.cpp in Sources */ = {isa = PBXBuildFile; fileRef = 873C753B198A7C9000CC151A /* Material.cpp */; };
		8740816C198FE49E00C97976 /* IO.cpp in Sources */ = {isa = PBXBuildFile; fileRef = 8740816A198FE49E00C97976 /* IO.cpp */; };
		87468D9119C9BC73005828CF /* ApplicationFactory.cpp in Sources */ = {isa = PBXBuildFile; fileRef = 87468D8F19C9BC73005828CF /* ApplicationFactory.cpp */; };
		87468D9519C9BC8C005828CF /* defaultes.frag in Resources */ = {isa = PBXBuildFile; fileRef = 87468D9319C9BC8C005828CF /* defaultes.frag */; };
		87468D9619C9BC8C005828CF /* defaultes.vert in Resources */ = {isa = PBXBuildFile; fileRef = 87468D9419C9BC8C005828CF /* defaultes.vert */; };
		87468D9819C9BD16005828CF /* Mesh.cpp in Sources */ = {isa = PBXBuildFile; fileRef = 87468D9719C9BD16005828CF /* Mesh.cpp */; };
		87468D9C19C9BD35005828CF /* Object.cpp in Sources */ = {isa = PBXBuildFile; fileRef = 87468D9A19C9BD35005828CF /* Object.cpp */; };
		87468DA019C9BD57005828CF /* Camera.cpp in Sources */ = {isa = PBXBuildFile; fileRef = 87468D9D19C9BD57005828CF /* Camera.cpp */; };
		87468DA119C9BD57005828CF /* MeshRenderer.cpp in Sources */ = {isa = PBXBuildFile; fileRef = 87468D9E19C9BD57005828CF /* MeshRenderer.cpp */; };
		87468DA219C9BD57005828CF /* RenderingContext.cpp in Sources */ = {isa = PBXBuildFile; fileRef = 87468D9F19C9BD57005828CF /* RenderingContext.cpp */; };
		87468DA519C9BD6A005828CF /* OpenGLMeshRenderer.cpp in Sources */ = {isa = PBXBuildFile; fileRef = 87468DA319C9BD6A005828CF /* OpenGLMeshRenderer.cpp */; };
		87468DA619C9BD6A005828CF /* OpenGLRenderingContext.cpp in Sources */ = {isa = PBXBuildFile; fileRef = 87468DA419C9BD6A005828CF /* OpenGLRenderingContext.cpp */; };
		87468DA919C9BD70005828CF /* OpenGLESMeshRenderer.cpp in Sources */ = {isa = PBXBuildFile; fileRef = 87468DA719C9BD70005828CF /* OpenGLESMeshRenderer.cpp */; };
		87468DAA19C9BD70005828CF /* OpenGLESRenderingContext.cpp in Sources */ = {isa = PBXBuildFile; fileRef = 87468DA819C9BD70005828CF /* OpenGLESRenderingContext.cpp */; };
		875C4B3919E7025300417CA0 /* ObjectAddable.cpp in Sources */ = {isa = PBXBuildFile; fileRef = 875C4B3719E7025300417CA0 /* ObjectAddable.cpp */; };
		875D419B19E3433C00DD832C /* OpenGLCommon.cpp in Sources */ = {isa = PBXBuildFile; fileRef = 875D419919E3433C00DD832C /* OpenGLCommon.cpp */; };
		877EBB0A19ED18CE00702CF4 /* EmscriptenApplication.cpp in Sources */ = {isa = PBXBuildFile; fileRef = 877EBB0819ED18CE00702CF4 /* EmscriptenApplication.cpp */; };
		878008D719ADD99700329645 /* MeshFactory.cpp in Sources */ = {isa = PBXBuildFile; fileRef = 878008D619ADD99700329645 /* MeshFactory.cpp */; };
		8781E88E19519977005CC999 /* SDL2.framework in Frameworks */ = {isa = PBXBuildFile; fileRef = 8781E88D19519977005CC999 /* SDL2.framework */; };
		8787B0DE194DBEF900F894CA /* OpenGL.framework in Frameworks */ = {isa = PBXBuildFile; fileRef = 8787B0DD194DBEF900F894CA /* OpenGL.framework */; };
		878A8FAF19EC23AB004AF9A4 /* OpenGLESCommon.cpp in Sources */ = {isa = PBXBuildFile; fileRef = 878A8FAD19EC23AB004AF9A4 /* OpenGLESCommon.cpp */; };
		879D815B19C3456700912C9A /* Application.cpp in Sources */ = {isa = PBXBuildFile; fileRef = 879D815919C3456700912C9A /* Application.cpp */; };
		87A041F819ED785800440E84 /* GLKit.framework in Frameworks */ = {isa = PBXBuildFile; fileRef = 87A041F719ED785800440E84 /* GLKit.framework */; };
		87A041FB19EE646D00440E84 /* Spinner.cpp in Sources */ = {isa = PBXBuildFile; fileRef = 87A041F919EE646D00440E84 /* Spinner.cpp */; };
		87A041FC19EE646D00440E84 /* Spinner.cpp in Sources */ = {isa = PBXBuildFile; fileRef = 87A041F919EE646D00440E84 /* Spinner.cpp */; };
		87BB486219C079C000A61967 /* Util.cpp in Sources */ = {isa = PBXBuildFile; fileRef = 87BB486019C079C000A61967 /* Util.cpp */; };
		87BC838B19452C3E00D97C8E /* Cocoa.framework in Frameworks */ = {isa = PBXBuildFile; fileRef = 87BC838A19452C3E00D97C8E /* Cocoa.framework */; };
		87BC839519452C3E00D97C8E /* InfoPlist.strings in Resources */ = {isa = PBXBuildFile; fileRef = 87BC839319452C3E00D97C8E /* InfoPlist.strings */; };
		87BC839B19452C3E00D97C8E /* Credits.rtf in Resources */ = {isa = PBXBuildFile; fileRef = 87BC839919452C3E00D97C8E /* Credits.rtf */; };
		87BC83A319452C3E00D97C8E /* Images.xcassets in Resources */ = {isa = PBXBuildFile; fileRef = 87BC83A219452C3E00D97C8E /* Images.xcassets */; };
		87BC83AB19452C3E00D97C8E /* Cocoa.framework in Frameworks */ = {isa = PBXBuildFile; fileRef = 87BC838A19452C3E00D97C8E /* Cocoa.framework */; };
		87BC83B319452C3E00D97C8E /* InfoPlist.strings in Resources */ = {isa = PBXBuildFile; fileRef = 87BC83B119452C3E00D97C8E /* InfoPlist.strings */; };
		87BC83B519452C3E00D97C8E /* RendererTests.m in Sources */ = {isa = PBXBuildFile; fileRef = 87BC83B419452C3E00D97C8E /* RendererTests.m */; };
		87C224BF19702DC50012E201 /* default.frag in Resources */ = {isa = PBXBuildFile; fileRef = 87C224BD19702DC50012E201 /* default.frag */; };
		87C224C019702DC50012E201 /* default.vert in Resources */ = {isa = PBXBuildFile; fileRef = 87C224BE19702DC50012E201 /* default.vert */; };
		87C75EAF19895C29007B1B38 /* ShaderFactory.cpp in Sources */ = {isa = PBXBuildFile; fileRef = 87C75EAE19895C29007B1B38 /* ShaderFactory.cpp */; };
		87C75EB219896040007B1B38 /* OpenGLShader.cpp in Sources */ = {isa = PBXBuildFile; fileRef = 87C75EB119896040007B1B38 /* OpenGLShader.cpp */; };
		87C7B47F19516CFC004C5914 /* main.cpp in Sources */ = {isa = PBXBuildFile; fileRef = 87C7B47819516CFC004C5914 /* main.cpp */; };
		87D8152319696389009A8A62 /* Window.cpp in Sources */ = {isa = PBXBuildFile; fileRef = 87D8152119696389009A8A62 /* Window.cpp */; };
		87D8152619696392009A8A62 /* EventListener.cpp in Sources */ = {isa = PBXBuildFile; fileRef = 87D8152419696392009A8A62 /* EventListener.cpp */; };
		87DE3DBE19C9BF4000D26659 /* Scene.cpp in Sources */ = {isa = PBXBuildFile; fileRef = 87DE3DBD19C9BF4000D26659 /* Scene.cpp */; };
		87DE3DC119C9FADD00D26659 /* Mathf.cpp in Sources */ = {isa = PBXBuildFile; fileRef = 87DE3DBF19C9FADD00D26659 /* Mathf.cpp */; };
		87DE3DC519C9FB0600D26659 /* Transform.cpp in Sources */ = {isa = PBXBuildFile; fileRef = 87DE3DC419C9FB0600D26659 /* Transform.cpp */; };
		87EB986419B896B6006E75C1 /* OpenGLESShader.cpp in Sources */ = {isa = PBXBuildFile; fileRef = 87EB986219B896B6006E75C1 /* OpenGLESShader.cpp */; };
/* End PBXBuildFile section */

/* Begin PBXContainerItemProxy section */
		87304D3A19ED68E700515ECE /* PBXContainerItemProxy */ = {
			isa = PBXContainerItemProxy;
			containerPortal = 87BC837F19452C3E00D97C8E /* Project object */;
			proxyType = 1;
			remoteGlobalIDString = 87304D1D19ED68E700515ECE;
			remoteInfo = "Renderer-iOS";
		};
		87BC83AC19452C3E00D97C8E /* PBXContainerItemProxy */ = {
			isa = PBXContainerItemProxy;
			containerPortal = 87BC837F19452C3E00D97C8E /* Project object */;
			proxyType = 1;
			remoteGlobalIDString = 87BC838619452C3E00D97C8E;
			remoteInfo = Renderer;
		};
/* End PBXContainerItemProxy section */

/* Begin PBXFileReference section */
		870CC6C11985B822008A56E5 /* default.geom */ = {isa = PBXFileReference; fileEncoding = 4; lastKnownFileType = sourcecode.glsl; name = default.geom; path = shaders/GLSL/default.geom; sourceTree = "<group>"; };
		872F7BD5197975CE00E70464 /* Scene.hpp */ = {isa = PBXFileReference; fileEncoding = 4; lastKnownFileType = sourcecode.cpp.h; name = Scene.hpp; path = scene/Scene.hpp; sourceTree = "<group>"; };
		87304D1E19ED68E700515ECE /* Renderer-iOS.app */ = {isa = PBXFileReference; explicitFileType = wrapper.application; includeInIndex = 0; path = "Renderer-iOS.app"; sourceTree = BUILT_PRODUCTS_DIR; };
		87304D2119ED68E700515ECE /* Info.plist */ = {isa = PBXFileReference; lastKnownFileType = text.plist.xml; path = Info.plist; sourceTree = "<group>"; };
		87304D2219ED68E700515ECE /* main.m */ = {isa = PBXFileReference; lastKnownFileType = sourcecode.c.objc; path = main.m; sourceTree = "<group>"; };
		87304D2419ED68E700515ECE /* AppDelegate.h */ = {isa = PBXFileReference; lastKnownFileType = sourcecode.c.h; path = AppDelegate.h; sourceTree = "<group>"; };
		87304D2519ED68E700515ECE /* AppDelegate.m */ = {isa = PBXFileReference; lastKnownFileType = sourcecode.c.objc; path = AppDelegate.m; sourceTree = "<group>"; };
		87304D2819ED68E700515ECE /* Renderer_iOS.xcdatamodel */ = {isa = PBXFileReference; lastKnownFileType = wrapper.xcdatamodel; path = Renderer_iOS.xcdatamodel; sourceTree = "<group>"; };
		87304D2A19ED68E700515ECE /* RendererViewController.h */ = {isa = PBXFileReference; lastKnownFileType = sourcecode.c.h; path = RendererViewController.h; sourceTree = "<group>"; };
		87304D2B19ED68E700515ECE /* RendererViewController.m */ = {isa = PBXFileReference; lastKnownFileType = sourcecode.c.objc; path = RendererViewController.m; sourceTree = "<group>"; };
		87304D2E19ED68E700515ECE /* Base */ = {isa = PBXFileReference; lastKnownFileType = file.storyboard; name = Base; path = Base.lproj/Main.storyboard; sourceTree = "<group>"; };
		87304D3019ED68E700515ECE /* Images.xcassets */ = {isa = PBXFileReference; lastKnownFileType = folder.assetcatalog; path = Images.xcassets; sourceTree = "<group>"; };
		87304D3319ED68E700515ECE /* Base */ = {isa = PBXFileReference; lastKnownFileType = file.xib; name = Base; path = Base.lproj/LaunchScreen.xib; sourceTree = "<group>"; };
		87304D3919ED68E700515ECE /* Renderer-iOSTests.xctest */ = {isa = PBXFileReference; explicitFileType = wrapper.cfbundle; includeInIndex = 0; path = "Renderer-iOSTests.xctest"; sourceTree = BUILT_PRODUCTS_DIR; };
		87304D3E19ED68E700515ECE /* Info.plist */ = {isa = PBXFileReference; lastKnownFileType = text.plist.xml; path = Info.plist; sourceTree = "<group>"; };
		87304D3F19ED68E700515ECE /* Renderer_iOSTests.m */ = {isa = PBXFileReference; lastKnownFileType = sourcecode.c.objc; path = Renderer_iOSTests.m; sourceTree = "<group>"; };
		87304D4719ED6A8B00515ECE /* Foundation.framework */ = {isa = PBXFileReference; lastKnownFileType = wrapper.framework; name = Foundation.framework; path = Platforms/iPhoneOS.platform/Developer/SDKs/iPhoneOS8.0.sdk/System/Library/Frameworks/Foundation.framework; sourceTree = DEVELOPER_DIR; };
		87304D4919ED6A9100515ECE /* UIKit.framework */ = {isa = PBXFileReference; lastKnownFileType = wrapper.framework; name = UIKit.framework; path = Platforms/iPhoneOS.platform/Developer/SDKs/iPhoneOS8.0.sdk/System/Library/Frameworks/UIKit.framework; sourceTree = DEVELOPER_DIR; };
		873C753B198A7C9000CC151A /* Material.cpp */ = {isa = PBXFileReference; fileEncoding = 4; lastKnownFileType = sourcecode.cpp.cpp; name = Material.cpp; path = rendering/Material.cpp; sourceTree = "<group>"; };
		873C753C198A7C9000CC151A /* Material.hpp */ = {isa = PBXFileReference; fileEncoding = 4; lastKnownFileType = sourcecode.cpp.h; name = Material.hpp; path = rendering/Material.hpp; sourceTree = "<group>"; };
		8740816A198FE49E00C97976 /* IO.cpp */ = {isa = PBXFileReference; fileEncoding = 4; lastKnownFileType = sourcecode.cpp.cpp; name = IO.cpp; path = utility/IO.cpp; sourceTree = "<group>"; };
		8740816B198FE49E00C97976 /* IO.hpp */ = {isa = PBXFileReference; fileEncoding = 4; lastKnownFileType = sourcecode.cpp.h; name = IO.hpp; path = utility/IO.hpp; sourceTree = "<group>"; };
		87468D8F19C9BC73005828CF /* ApplicationFactory.cpp */ = {isa = PBXFileReference; fileEncoding = 4; lastKnownFileType = sourcecode.cpp.cpp; path = ApplicationFactory.cpp; sourceTree = "<group>"; };
		87468D9019C9BC73005828CF /* ApplicationFactory.hpp */ = {isa = PBXFileReference; fileEncoding = 4; lastKnownFileType = sourcecode.cpp.h; path = ApplicationFactory.hpp; sourceTree = "<group>"; };
		87468D9319C9BC8C005828CF /* defaultes.frag */ = {isa = PBXFileReference; fileEncoding = 4; lastKnownFileType = sourcecode.glsl; path = defaultes.frag; sourceTree = "<group>"; };
		87468D9419C9BC8C005828CF /* defaultes.vert */ = {isa = PBXFileReference; fileEncoding = 4; lastKnownFileType = sourcecode.glsl; path = defaultes.vert; sourceTree = "<group>"; };
		87468D9719C9BD16005828CF /* Mesh.cpp */ = {isa = PBXFileReference; fileEncoding = 4; lastKnownFileType = sourcecode.cpp.cpp; name = Mesh.cpp; path = geometry/Mesh.cpp; sourceTree = "<group>"; };
		87468D9A19C9BD35005828CF /* Object.cpp */ = {isa = PBXFileReference; fileEncoding = 4; lastKnownFileType = sourcecode.cpp.cpp; name = Object.cpp; path = objects/Object.cpp; sourceTree = "<group>"; };
		87468D9D19C9BD57005828CF /* Camera.cpp */ = {isa = PBXFileReference; fileEncoding = 4; lastKnownFileType = sourcecode.cpp.cpp; name = Camera.cpp; path = rendering/Camera.cpp; sourceTree = "<group>"; };
		87468D9E19C9BD57005828CF /* MeshRenderer.cpp */ = {isa = PBXFileReference; fileEncoding = 4; lastKnownFileType = sourcecode.cpp.cpp; name = MeshRenderer.cpp; path = rendering/MeshRenderer.cpp; sourceTree = "<group>"; };
		87468D9F19C9BD57005828CF /* RenderingContext.cpp */ = {isa = PBXFileReference; fileEncoding = 4; lastKnownFileType = sourcecode.cpp.cpp; name = RenderingContext.cpp; path = rendering/RenderingContext.cpp; sourceTree = "<group>"; };
		87468DA319C9BD6A005828CF /* OpenGLMeshRenderer.cpp */ = {isa = PBXFileReference; fileEncoding = 4; lastKnownFileType = sourcecode.cpp.cpp; name = OpenGLMeshRenderer.cpp; path = rendering/OpenGL/OpenGLMeshRenderer.cpp; sourceTree = "<group>"; };
		87468DA419C9BD6A005828CF /* OpenGLRenderingContext.cpp */ = {isa = PBXFileReference; fileEncoding = 4; lastKnownFileType = sourcecode.cpp.cpp; name = OpenGLRenderingContext.cpp; path = rendering/OpenGL/OpenGLRenderingContext.cpp; sourceTree = "<group>"; };
		87468DA719C9BD70005828CF /* OpenGLESMeshRenderer.cpp */ = {isa = PBXFileReference; fileEncoding = 4; lastKnownFileType = sourcecode.cpp.cpp; path = OpenGLESMeshRenderer.cpp; sourceTree = "<group>"; };
		87468DA819C9BD70005828CF /* OpenGLESRenderingContext.cpp */ = {isa = PBXFileReference; fileEncoding = 4; lastKnownFileType = sourcecode.cpp.cpp; path = OpenGLESRenderingContext.cpp; sourceTree = "<group>"; };
		8756FCCC197465A600A016AD /* Camera.hpp */ = {isa = PBXFileReference; fileEncoding = 4; lastKnownFileType = sourcecode.cpp.h; name = Camera.hpp; path = rendering/Camera.hpp; sourceTree = "<group>"; };
		875C4B3719E7025300417CA0 /* ObjectAddable.cpp */ = {isa = PBXFileReference; fileEncoding = 4; lastKnownFileType = sourcecode.cpp.cpp; name = ObjectAddable.cpp; path = objects/ObjectAddable.cpp; sourceTree = "<group>"; };
		875C4B3819E7025300417CA0 /* ObjectAddable.hpp */ = {isa = PBXFileReference; fileEncoding = 4; lastKnownFileType = sourcecode.cpp.h; name = ObjectAddable.hpp; path = objects/ObjectAddable.hpp; sourceTree = "<group>"; };
		875D419919E3433C00DD832C /* OpenGLCommon.cpp */ = {isa = PBXFileReference; fileEncoding = 4; lastKnownFileType = sourcecode.cpp.cpp; name = OpenGLCommon.cpp; path = rendering/OpenGL/OpenGLCommon.cpp; sourceTree = "<group>"; };
		875D419A19E3433C00DD832C /* OpenGLCommon.hpp */ = {isa = PBXFileReference; fileEncoding = 4; lastKnownFileType = sourcecode.cpp.h; name = OpenGLCommon.hpp; path = rendering/OpenGL/OpenGLCommon.hpp; sourceTree = "<group>"; };
		877EBB0819ED18CE00702CF4 /* EmscriptenApplication.cpp */ = {isa = PBXFileReference; fileEncoding = 4; lastKnownFileType = sourcecode.cpp.cpp; path = EmscriptenApplication.cpp; sourceTree = "<group>"; };
		877EBB0919ED18CE00702CF4 /* EmscriptenApplication.hpp */ = {isa = PBXFileReference; fileEncoding = 4; lastKnownFileType = sourcecode.cpp.h; path = EmscriptenApplication.hpp; sourceTree = "<group>"; };
		878008D519ADD8A300329645 /* MeshFactory.hpp */ = {isa = PBXFileReference; fileEncoding = 4; lastKnownFileType = sourcecode.cpp.h; name = MeshFactory.hpp; path = geometry/MeshFactory.hpp; sourceTree = "<group>"; };
		878008D619ADD99700329645 /* MeshFactory.cpp */ = {isa = PBXFileReference; fileEncoding = 4; lastKnownFileType = sourcecode.cpp.cpp; name = MeshFactory.cpp; path = geometry/MeshFactory.cpp; sourceTree = "<group>"; };
		8781E88D19519977005CC999 /* SDL2.framework */ = {isa = PBXFileReference; lastKnownFileType = wrapper.framework; name = SDL2.framework; path = ../../../../../Library/Frameworks/SDL2.framework; sourceTree = "<group>"; };
		8787B0DD194DBEF900F894CA /* OpenGL.framework */ = {isa = PBXFileReference; lastKnownFileType = wrapper.framework; name = OpenGL.framework; path = System/Library/Frameworks/OpenGL.framework; sourceTree = SDKROOT; };
		878A8FAD19EC23AB004AF9A4 /* OpenGLESCommon.cpp */ = {isa = PBXFileReference; fileEncoding = 4; lastKnownFileType = sourcecode.cpp.cpp; path = OpenGLESCommon.cpp; sourceTree = "<group>"; };
		878A8FAE19EC23AB004AF9A4 /* OpenGLESCommon.hpp */ = {isa = PBXFileReference; fileEncoding = 4; lastKnownFileType = sourcecode.cpp.h; path = OpenGLESCommon.hpp; sourceTree = "<group>"; };
		879D815919C3456700912C9A /* Application.cpp */ = {isa = PBXFileReference; fileEncoding = 4; lastKnownFileType = sourcecode.cpp.cpp; path = Application.cpp; sourceTree = "<group>"; };
		879D815A19C3456700912C9A /* Application.hpp */ = {isa = PBXFileReference; fileEncoding = 4; lastKnownFileType = sourcecode.cpp.h; path = Application.hpp; sourceTree = "<group>"; };
		87A041F519ED767800440E84 /* OpenGLES.framework */ = {isa = PBXFileReference; lastKnownFileType = wrapper.framework; name = OpenGLES.framework; path = Platforms/iPhoneOS.platform/Developer/SDKs/iPhoneOS8.0.sdk/System/Library/Frameworks/OpenGLES.framework; sourceTree = DEVELOPER_DIR; };
		87A041F719ED785800440E84 /* GLKit.framework */ = {isa = PBXFileReference; lastKnownFileType = wrapper.framework; name = GLKit.framework; path = Platforms/iPhoneOS.platform/Developer/SDKs/iPhoneOS8.0.sdk/System/Library/Frameworks/GLKit.framework; sourceTree = DEVELOPER_DIR; };
		87A041F919EE646D00440E84 /* Spinner.cpp */ = {isa = PBXFileReference; fileEncoding = 4; lastKnownFileType = sourcecode.cpp.cpp; path = Spinner.cpp; sourceTree = "<group>"; };
		87A041FA19EE646D00440E84 /* Spinner.hpp */ = {isa = PBXFileReference; fileEncoding = 4; lastKnownFileType = sourcecode.cpp.h; path = Spinner.hpp; sourceTree = "<group>"; };
		87A0B742195A1261003F53C6 /* Matrix.hpp */ = {isa = PBXFileReference; fileEncoding = 4; lastKnownFileType = sourcecode.cpp.h; name = Matrix.hpp; path = math/Matrix.hpp; sourceTree = "<group>"; };
		87A0B744195A1261003F53C6 /* Transform.hpp */ = {isa = PBXFileReference; fileEncoding = 4; lastKnownFileType = sourcecode.cpp.h; name = Transform.hpp; path = math/Transform.hpp; sourceTree = "<group>"; };
		87A0B746195A1261003F53C6 /* Vector.hpp */ = {isa = PBXFileReference; fileEncoding = 4; lastKnownFileType = sourcecode.cpp.h; name = Vector.hpp; path = math/Vector.hpp; sourceTree = "<group>"; };
		87BB486019C079C000A61967 /* Util.cpp */ = {isa = PBXFileReference; fileEncoding = 4; lastKnownFileType = sourcecode.cpp.cpp; name = Util.cpp; path = utility/Util.cpp; sourceTree = "<group>"; };
		87BB486119C079C000A61967 /* Util.hpp */ = {isa = PBXFileReference; fileEncoding = 4; lastKnownFileType = sourcecode.cpp.h; name = Util.hpp; path = utility/Util.hpp; sourceTree = "<group>"; };
		87BC838719452C3E00D97C8E /* Renderer.app */ = {isa = PBXFileReference; explicitFileType = wrapper.application; includeInIndex = 0; path = Renderer.app; sourceTree = BUILT_PRODUCTS_DIR; };
		87BC838A19452C3E00D97C8E /* Cocoa.framework */ = {isa = PBXFileReference; lastKnownFileType = wrapper.framework; name = Cocoa.framework; path = System/Library/Frameworks/Cocoa.framework; sourceTree = SDKROOT; };
		87BC838D19452C3E00D97C8E /* AppKit.framework */ = {isa = PBXFileReference; lastKnownFileType = wrapper.framework; name = AppKit.framework; path = System/Library/Frameworks/AppKit.framework; sourceTree = SDKROOT; };
		87BC838E19452C3E00D97C8E /* CoreData.framework */ = {isa = PBXFileReference; lastKnownFileType = wrapper.framework; name = CoreData.framework; path = System/Library/Frameworks/CoreData.framework; sourceTree = SDKROOT; };
		87BC838F19452C3E00D97C8E /* Foundation.framework */ = {isa = PBXFileReference; lastKnownFileType = wrapper.framework; name = Foundation.framework; path = System/Library/Frameworks/Foundation.framework; sourceTree = SDKROOT; };
		87BC839219452C3E00D97C8E /* Renderer-Info.plist */ = {isa = PBXFileReference; lastKnownFileType = text.plist.xml; path = "Renderer-Info.plist"; sourceTree = "<group>"; };
		87BC839419452C3E00D97C8E /* en */ = {isa = PBXFileReference; lastKnownFileType = text.plist.strings; name = en; path = en.lproj/InfoPlist.strings; sourceTree = "<group>"; };
		87BC839819452C3E00D97C8E /* Renderer-Prefix.pch */ = {isa = PBXFileReference; lastKnownFileType = sourcecode.c.h; path = "Renderer-Prefix.pch"; sourceTree = "<group>"; };
		87BC839A19452C3E00D97C8E /* en */ = {isa = PBXFileReference; lastKnownFileType = text.rtf; name = en; path = en.lproj/Credits.rtf; sourceTree = "<group>"; };
		87BC83A219452C3E00D97C8E /* Images.xcassets */ = {isa = PBXFileReference; lastKnownFileType = folder.assetcatalog; path = Images.xcassets; sourceTree = "<group>"; };
		87BC83A819452C3E00D97C8E /* RendererTests.xctest */ = {isa = PBXFileReference; explicitFileType = wrapper.cfbundle; includeInIndex = 0; path = RendererTests.xctest; sourceTree = BUILT_PRODUCTS_DIR; };
		87BC83B019452C3E00D97C8E /* RendererTests-Info.plist */ = {isa = PBXFileReference; lastKnownFileType = text.plist.xml; path = "RendererTests-Info.plist"; sourceTree = "<group>"; };
		87BC83B219452C3E00D97C8E /* en */ = {isa = PBXFileReference; lastKnownFileType = text.plist.strings; name = en; path = en.lproj/InfoPlist.strings; sourceTree = "<group>"; };
		87BC83B419452C3E00D97C8E /* RendererTests.m */ = {isa = PBXFileReference; lastKnownFileType = sourcecode.c.objc; path = RendererTests.m; sourceTree = "<group>"; };
		87C224BD19702DC50012E201 /* default.frag */ = {isa = PBXFileReference; fileEncoding = 4; lastKnownFileType = sourcecode.glsl; name = default.frag; path = shaders/GLSL/default.frag; sourceTree = "<group>"; };
		87C224BE19702DC50012E201 /* default.vert */ = {isa = PBXFileReference; fileEncoding = 4; lastKnownFileType = sourcecode.glsl; name = default.vert; path = shaders/GLSL/default.vert; sourceTree = "<group>"; };
		87C224C319702E5B0012E201 /* OpenGLMeshRenderer.hpp */ = {isa = PBXFileReference; fileEncoding = 4; lastKnownFileType = sourcecode.cpp.h; name = OpenGLMeshRenderer.hpp; path = rendering/OpenGL/OpenGLMeshRenderer.hpp; sourceTree = "<group>"; };
		87C224C519702E5B0012E201 /* OpenGLRenderingContext.hpp */ = {isa = PBXFileReference; fileEncoding = 4; lastKnownFileType = sourcecode.cpp.h; name = OpenGLRenderingContext.hpp; path = rendering/OpenGL/OpenGLRenderingContext.hpp; sourceTree = "<group>"; };
		87C75EAC198959C1007B1B38 /* Shader.hpp */ = {isa = PBXFileReference; lastKnownFileType = sourcecode.cpp.h; name = Shader.hpp; path = rendering/Shader.hpp; sourceTree = "<group>"; };
		87C75EAD19895B0E007B1B38 /* ShaderFactory.hpp */ = {isa = PBXFileReference; lastKnownFileType = sourcecode.cpp.h; name = ShaderFactory.hpp; path = rendering/ShaderFactory.hpp; sourceTree = "<group>"; };
		87C75EAE19895C29007B1B38 /* ShaderFactory.cpp */ = {isa = PBXFileReference; fileEncoding = 4; lastKnownFileType = sourcecode.cpp.cpp; name = ShaderFactory.cpp; path = rendering/ShaderFactory.cpp; sourceTree = "<group>"; };
		87C75EB019895FE7007B1B38 /* OpenGLShader.hpp */ = {isa = PBXFileReference; lastKnownFileType = sourcecode.cpp.h; name = OpenGLShader.hpp; path = rendering/OpenGL/OpenGLShader.hpp; sourceTree = "<group>"; };
		87C75EB119896040007B1B38 /* OpenGLShader.cpp */ = {isa = PBXFileReference; fileEncoding = 4; lastKnownFileType = sourcecode.cpp.cpp; name = OpenGLShader.cpp; path = rendering/OpenGL/OpenGLShader.cpp; sourceTree = "<group>"; };
		87C7B47819516CFC004C5914 /* main.cpp */ = {isa = PBXFileReference; fileEncoding = 4; lastKnownFileType = sourcecode.cpp.cpp; path = main.cpp; sourceTree = "<group>"; };
		87CC70A21961B3BA001EDA7D /* Mesh.hpp */ = {isa = PBXFileReference; fileEncoding = 4; lastKnownFileType = sourcecode.cpp.h; name = Mesh.hpp; path = geometry/Mesh.hpp; sourceTree = "<group>"; };
		87D8151F19696284009A8A62 /* Object.hpp */ = {isa = PBXFileReference; fileEncoding = 4; lastKnownFileType = sourcecode.cpp.h; name = Object.hpp; path = objects/Object.hpp; sourceTree = "<group>"; };
		87D8152119696389009A8A62 /* Window.cpp */ = {isa = PBXFileReference; fileEncoding = 4; lastKnownFileType = sourcecode.cpp.cpp; name = Window.cpp; path = windowing/Window.cpp; sourceTree = "<group>"; };
		87D8152219696389009A8A62 /* Window.hpp */ = {isa = PBXFileReference; fileEncoding = 4; lastKnownFileType = sourcecode.cpp.h; name = Window.hpp; path = windowing/Window.hpp; sourceTree = "<group>"; };
		87D8152419696392009A8A62 /* EventListener.cpp */ = {isa = PBXFileReference; fileEncoding = 4; lastKnownFileType = sourcecode.cpp.cpp; name = EventListener.cpp; path = events/EventListener.cpp; sourceTree = "<group>"; };
		87D8152519696392009A8A62 /* EventListener.hpp */ = {isa = PBXFileReference; fileEncoding = 4; lastKnownFileType = sourcecode.cpp.h; name = EventListener.hpp; path = events/EventListener.hpp; sourceTree = "<group>"; };
		87D81529196963A3009A8A62 /* MeshRenderer.hpp */ = {isa = PBXFileReference; fileEncoding = 4; lastKnownFileType = sourcecode.cpp.h; name = MeshRenderer.hpp; path = rendering/MeshRenderer.hpp; sourceTree = "<group>"; };
		87D8152B196963A3009A8A62 /* RenderingContext.hpp */ = {isa = PBXFileReference; fileEncoding = 4; lastKnownFileType = sourcecode.cpp.h; name = RenderingContext.hpp; path = rendering/RenderingContext.hpp; sourceTree = "<group>"; };
		87D8152E196978C0009A8A62 /* libmathCommon.dylib */ = {isa = PBXFileReference; lastKnownFileType = "compiled.mach-o.dylib"; name = libmathCommon.dylib; path = usr/lib/system/libmathCommon.dylib; sourceTree = SDKROOT; };
		87DE3DBD19C9BF4000D26659 /* Scene.cpp */ = {isa = PBXFileReference; fileEncoding = 4; lastKnownFileType = sourcecode.cpp.cpp; name = Scene.cpp; path = scene/Scene.cpp; sourceTree = "<group>"; };
		87DE3DBF19C9FADD00D26659 /* Mathf.cpp */ = {isa = PBXFileReference; fileEncoding = 4; lastKnownFileType = sourcecode.cpp.cpp; name = Mathf.cpp; path = math/Mathf.cpp; sourceTree = "<group>"; };
		87DE3DC019C9FADD00D26659 /* Mathf.hpp */ = {isa = PBXFileReference; fileEncoding = 4; lastKnownFileType = sourcecode.cpp.h; name = Mathf.hpp; path = math/Mathf.hpp; sourceTree = "<group>"; };
		87DE3DC419C9FB0600D26659 /* Transform.cpp */ = {isa = PBXFileReference; fileEncoding = 4; lastKnownFileType = sourcecode.cpp.cpp; name = Transform.cpp; path = math/Transform.cpp; sourceTree = "<group>"; };
		87EB986019B896B6006E75C1 /* OpenGLESMeshRenderer.hpp */ = {isa = PBXFileReference; fileEncoding = 4; lastKnownFileType = sourcecode.cpp.h; path = OpenGLESMeshRenderer.hpp; sourceTree = "<group>"; };
		87EB986119B896B6006E75C1 /* OpenGLESRenderingContext.hpp */ = {isa = PBXFileReference; fileEncoding = 4; lastKnownFileType = sourcecode.cpp.h; path = OpenGLESRenderingContext.hpp; sourceTree = "<group>"; };
		87EB986219B896B6006E75C1 /* OpenGLESShader.cpp */ = {isa = PBXFileReference; fileEncoding = 4; lastKnownFileType = sourcecode.cpp.cpp; path = OpenGLESShader.cpp; sourceTree = "<group>"; };
		87EB986319B896B6006E75C1 /* OpenGLESShader.hpp */ = {isa = PBXFileReference; fileEncoding = 4; lastKnownFileType = sourcecode.cpp.h; path = OpenGLESShader.hpp; sourceTree = "<group>"; };
/* End PBXFileReference section */

/* Begin PBXFrameworksBuildPhase section */
		87304D1B19ED68E700515ECE /* Frameworks */ = {
			isa = PBXFrameworksBuildPhase;
			buildActionMask = 2147483647;
			files = (
				87A041F819ED785800440E84 /* GLKit.framework in Frameworks */,
			);
			runOnlyForDeploymentPostprocessing = 0;
		};
		87304D3619ED68E700515ECE /* Frameworks */ = {
			isa = PBXFrameworksBuildPhase;
			buildActionMask = 2147483647;
			files = (
			);
			runOnlyForDeploymentPostprocessing = 0;
		};
		87BC838419452C3E00D97C8E /* Frameworks */ = {
			isa = PBXFrameworksBuildPhase;
			buildActionMask = 2147483647;
			files = (
				8781E88E19519977005CC999 /* SDL2.framework in Frameworks */,
				8787B0DE194DBEF900F894CA /* OpenGL.framework in Frameworks */,
				87BC838B19452C3E00D97C8E /* Cocoa.framework in Frameworks */,
			);
			runOnlyForDeploymentPostprocessing = 0;
		};
		87BC83A519452C3E00D97C8E /* Frameworks */ = {
			isa = PBXFrameworksBuildPhase;
			buildActionMask = 2147483647;
			files = (
				87BC83AB19452C3E00D97C8E /* Cocoa.framework in Frameworks */,
			);
			runOnlyForDeploymentPostprocessing = 0;
		};
/* End PBXFrameworksBuildPhase section */

/* Begin PBXGroup section */
		872F7BD21979756D00E70464 /* scene */ = {
			isa = PBXGroup;
			children = (
				872F7BD5197975CE00E70464 /* Scene.hpp */,
				87DE3DBD19C9BF4000D26659 /* Scene.cpp */,
			);
			name = scene;
			sourceTree = "<group>";
		};
		87304D1F19ED68E700515ECE /* Renderer-iOS */ = {
			isa = PBXGroup;
			children = (
				87304D2419ED68E700515ECE /* AppDelegate.h */,
				87304D2519ED68E700515ECE /* AppDelegate.m */,
				87304D2A19ED68E700515ECE /* RendererViewController.h */,
				87304D2B19ED68E700515ECE /* RendererViewController.m */,
				87304D2D19ED68E700515ECE /* Main.storyboard */,
				87304D3019ED68E700515ECE /* Images.xcassets */,
				87304D3219ED68E700515ECE /* LaunchScreen.xib */,
				87304D2719ED68E700515ECE /* Renderer_iOS.xcdatamodeld */,
				87304D2019ED68E700515ECE /* Supporting Files */,
			);
			path = "Renderer-iOS";
			sourceTree = "<group>";
		};
		87304D2019ED68E700515ECE /* Supporting Files */ = {
			isa = PBXGroup;
			children = (
				87304D2119ED68E700515ECE /* Info.plist */,
				87304D2219ED68E700515ECE /* main.m */,
			);
			name = "Supporting Files";
			sourceTree = "<group>";
		};
		87304D3C19ED68E700515ECE /* Renderer-iOSTests */ = {
			isa = PBXGroup;
			children = (
				87304D3F19ED68E700515ECE /* Renderer_iOSTests.m */,
				87304D3D19ED68E700515ECE /* Supporting Files */,
			);
			path = "Renderer-iOSTests";
			sourceTree = "<group>";
		};
		87304D3D19ED68E700515ECE /* Supporting Files */ = {
			isa = PBXGroup;
			children = (
				87304D3E19ED68E700515ECE /* Info.plist */,
			);
			name = "Supporting Files";
			sourceTree = "<group>";
		};
		87408169198FE49700C97976 /* utility */ = {
			isa = PBXGroup;
			children = (
				87BB486119C079C000A61967 /* Util.hpp */,
				87BB486019C079C000A61967 /* Util.cpp */,
				8740816B198FE49E00C97976 /* IO.hpp */,
				8740816A198FE49E00C97976 /* IO.cpp */,
			);
			name = utility;
			sourceTree = "<group>";
		};
		87468D9219C9BC8C005828CF /* GLSLES */ = {
			isa = PBXGroup;
			children = (
				87468D9319C9BC8C005828CF /* defaultes.frag */,
				87468D9419C9BC8C005828CF /* defaultes.vert */,
			);
			name = GLSLES;
			path = shaders/GLSLES;
			sourceTree = "<group>";
		};
		875FE5C419C344AB00422B5C /* application */ = {
			isa = PBXGroup;
			children = (
				87468D9019C9BC73005828CF /* ApplicationFactory.hpp */,
				87468D8F19C9BC73005828CF /* ApplicationFactory.cpp */,
				877EBB0919ED18CE00702CF4 /* EmscriptenApplication.hpp */,
				877EBB0819ED18CE00702CF4 /* EmscriptenApplication.cpp */,
				879D815A19C3456700912C9A /* Application.hpp */,
				879D815919C3456700912C9A /* Application.cpp */,
			);
			path = application;
			sourceTree = "<group>";
		};
		876EA3F019524A1B00AD06B5 /* shaders */ = {
			isa = PBXGroup;
			children = (
				87468D9219C9BC8C005828CF /* GLSLES */,
				87C224BC19702DB80012E201 /* GLSL */,
			);
			name = shaders;
			sourceTree = "<group>";
		};
		87A0B74019599156003F53C6 /* math */ = {
			isa = PBXGroup;
			children = (
				87DE3DC019C9FADD00D26659 /* Mathf.hpp */,
				87DE3DBF19C9FADD00D26659 /* Mathf.cpp */,
				87A0B742195A1261003F53C6 /* Matrix.hpp */,
				87A0B744195A1261003F53C6 /* Transform.hpp */,
				87DE3DC419C9FB0600D26659 /* Transform.cpp */,
				87A0B746195A1261003F53C6 /* Vector.hpp */,
			);
			name = math;
			sourceTree = "<group>";
		};
		87B7A54019865245003C9B41 /* tests */ = {
			isa = PBXGroup;
			children = (
				87A041FA19EE646D00440E84 /* Spinner.hpp */,
				87A041F919EE646D00440E84 /* Spinner.cpp */,
			);
			path = tests;
			sourceTree = "<group>";
		};
		87BC837E19452C3E00D97C8E = {
			isa = PBXGroup;
			children = (
				87BC839019452C3E00D97C8E /* Renderer */,
				87BC83AE19452C3E00D97C8E /* RendererTests */,
				87304D1F19ED68E700515ECE /* Renderer-iOS */,
				87304D3C19ED68E700515ECE /* Renderer-iOSTests */,
				87BC838919452C3E00D97C8E /* Frameworks */,
				87BC838819452C3E00D97C8E /* Products */,
			);
			sourceTree = "<group>";
		};
		87BC838819452C3E00D97C8E /* Products */ = {
			isa = PBXGroup;
			children = (
				87BC838719452C3E00D97C8E /* Renderer.app */,
				87BC83A819452C3E00D97C8E /* RendererTests.xctest */,
				87304D1E19ED68E700515ECE /* Renderer-iOS.app */,
				87304D3919ED68E700515ECE /* Renderer-iOSTests.xctest */,
			);
			name = Products;
			sourceTree = "<group>";
		};
		87BC838919452C3E00D97C8E /* Frameworks */ = {
			isa = PBXGroup;
			children = (
				87A041F719ED785800440E84 /* GLKit.framework */,
				87A041F519ED767800440E84 /* OpenGLES.framework */,
				87304D4919ED6A9100515ECE /* UIKit.framework */,
				87304D4719ED6A8B00515ECE /* Foundation.framework */,
				87D8152E196978C0009A8A62 /* libmathCommon.dylib */,
				8781E88D19519977005CC999 /* SDL2.framework */,
				8787B0DD194DBEF900F894CA /* OpenGL.framework */,
				87BC838A19452C3E00D97C8E /* Cocoa.framework */,
				87BC838C19452C3E00D97C8E /* Other Frameworks */,
			);
			name = Frameworks;
			sourceTree = "<group>";
		};
		87BC838C19452C3E00D97C8E /* Other Frameworks */ = {
			isa = PBXGroup;
			children = (
				87BC838D19452C3E00D97C8E /* AppKit.framework */,
				87BC838E19452C3E00D97C8E /* CoreData.framework */,
				87BC838F19452C3E00D97C8E /* Foundation.framework */,
			);
			name = "Other Frameworks";
			sourceTree = "<group>";
		};
		87BC839019452C3E00D97C8E /* Renderer */ = {
			isa = PBXGroup;
			children = (
				87C7B47719516CFC004C5914 /* Cross Platform Code */,
				87BC83A219452C3E00D97C8E /* Images.xcassets */,
				87BC839119452C3E00D97C8E /* Supporting Files */,
			);
			path = Renderer;
			sourceTree = "<group>";
		};
		87BC839119452C3E00D97C8E /* Supporting Files */ = {
			isa = PBXGroup;
			children = (
				87BC839219452C3E00D97C8E /* Renderer-Info.plist */,
				87BC839319452C3E00D97C8E /* InfoPlist.strings */,
				87BC839819452C3E00D97C8E /* Renderer-Prefix.pch */,
				87BC839919452C3E00D97C8E /* Credits.rtf */,
			);
			name = "Supporting Files";
			sourceTree = "<group>";
		};
		87BC83AE19452C3E00D97C8E /* RendererTests */ = {
			isa = PBXGroup;
			children = (
				87BC83B419452C3E00D97C8E /* RendererTests.m */,
				87BC83AF19452C3E00D97C8E /* Supporting Files */,
			);
			path = RendererTests;
			sourceTree = "<group>";
		};
		87BC83AF19452C3E00D97C8E /* Supporting Files */ = {
			isa = PBXGroup;
			children = (
				87BC83B019452C3E00D97C8E /* RendererTests-Info.plist */,
				87BC83B119452C3E00D97C8E /* InfoPlist.strings */,
			);
			name = "Supporting Files";
			sourceTree = "<group>";
		};
		87C224BC19702DB80012E201 /* GLSL */ = {
			isa = PBXGroup;
			children = (
				870CC6C11985B822008A56E5 /* default.geom */,
				87C224BD19702DC50012E201 /* default.frag */,
				87C224BE19702DC50012E201 /* default.vert */,
			);
			name = GLSL;
			sourceTree = "<group>";
		};
		87C224C119702E520012E201 /* OpenGL */ = {
			isa = PBXGroup;
			children = (
				875D419A19E3433C00DD832C /* OpenGLCommon.hpp */,
				875D419919E3433C00DD832C /* OpenGLCommon.cpp */,
				87C224C319702E5B0012E201 /* OpenGLMeshRenderer.hpp */,
				87468DA319C9BD6A005828CF /* OpenGLMeshRenderer.cpp */,
				87C224C519702E5B0012E201 /* OpenGLRenderingContext.hpp */,
				87468DA419C9BD6A005828CF /* OpenGLRenderingContext.cpp */,
				87C75EB019895FE7007B1B38 /* OpenGLShader.hpp */,
				87C75EB119896040007B1B38 /* OpenGLShader.cpp */,
			);
			name = OpenGL;
			sourceTree = "<group>";
		};
		87C7B47719516CFC004C5914 /* Cross Platform Code */ = {
			isa = PBXGroup;
			children = (
				875FE5C419C344AB00422B5C /* application */,
				87408169198FE49700C97976 /* utility */,
				87B7A54019865245003C9B41 /* tests */,
				872F7BD21979756D00E70464 /* scene */,
				87D8152719696398009A8A62 /* rendering */,
				87D8151D1969626D009A8A62 /* windowing */,
				87D8151B19696259009A8A62 /* objects */,
				87D8151A19696251009A8A62 /* events */,
				87CC70A01961B3A1001EDA7D /* geometry */,
				87A0B74019599156003F53C6 /* math */,
				876EA3F019524A1B00AD06B5 /* shaders */,
				87C7B47819516CFC004C5914 /* main.cpp */,
			);
			name = "Cross Platform Code";
			path = ../../src;
			sourceTree = "<group>";
		};
		87CC70A01961B3A1001EDA7D /* geometry */ = {
			isa = PBXGroup;
			children = (
				878008D519ADD8A300329645 /* MeshFactory.hpp */,
				878008D619ADD99700329645 /* MeshFactory.cpp */,
				87468D9719C9BD16005828CF /* Mesh.cpp */,
				87CC70A21961B3BA001EDA7D /* Mesh.hpp */,
			);
			name = geometry;
			sourceTree = "<group>";
		};
		87D8151A19696251009A8A62 /* events */ = {
			isa = PBXGroup;
			children = (
				87D8152519696392009A8A62 /* EventListener.hpp */,
				87D8152419696392009A8A62 /* EventListener.cpp */,
			);
			name = events;
			sourceTree = "<group>";
		};
		87D8151B19696259009A8A62 /* objects */ = {
			isa = PBXGroup;
			children = (
				875C4B3819E7025300417CA0 /* ObjectAddable.hpp */,
				875C4B3719E7025300417CA0 /* ObjectAddable.cpp */,
				87D8151F19696284009A8A62 /* Object.hpp */,
				87468D9A19C9BD35005828CF /* Object.cpp */,
			);
			name = objects;
			sourceTree = "<group>";
		};
		87D8151D1969626D009A8A62 /* windowing */ = {
			isa = PBXGroup;
			children = (
				87D8152219696389009A8A62 /* Window.hpp */,
				87D8152119696389009A8A62 /* Window.cpp */,
			);
			name = windowing;
			sourceTree = "<group>";
		};
		87D8152719696398009A8A62 /* rendering */ = {
			isa = PBXGroup;
			children = (
				87EB985A19B89694006E75C1 /* OpenGLES */,
				87C224C119702E520012E201 /* OpenGL */,
				873C753C198A7C9000CC151A /* Material.hpp */,
				873C753B198A7C9000CC151A /* Material.cpp */,
				87C75EAD19895B0E007B1B38 /* ShaderFactory.hpp */,
				87C75EAE19895C29007B1B38 /* ShaderFactory.cpp */,
				87C75EAC198959C1007B1B38 /* Shader.hpp */,
				8756FCCC197465A600A016AD /* Camera.hpp */,
				87468D9D19C9BD57005828CF /* Camera.cpp */,
				87D81529196963A3009A8A62 /* MeshRenderer.hpp */,
				87468D9E19C9BD57005828CF /* MeshRenderer.cpp */,
				87D8152B196963A3009A8A62 /* RenderingContext.hpp */,
				87468D9F19C9BD57005828CF /* RenderingContext.cpp */,
			);
			name = rendering;
			sourceTree = "<group>";
		};
		87EB985A19B89694006E75C1 /* OpenGLES */ = {
			isa = PBXGroup;
			children = (
				878A8FAE19EC23AB004AF9A4 /* OpenGLESCommon.hpp */,
				878A8FAD19EC23AB004AF9A4 /* OpenGLESCommon.cpp */,
				87EB986019B896B6006E75C1 /* OpenGLESMeshRenderer.hpp */,
				87468DA719C9BD70005828CF /* OpenGLESMeshRenderer.cpp */,
				87EB986119B896B6006E75C1 /* OpenGLESRenderingContext.hpp */,
				87468DA819C9BD70005828CF /* OpenGLESRenderingContext.cpp */,
				87EB986319B896B6006E75C1 /* OpenGLESShader.hpp */,
				87EB986219B896B6006E75C1 /* OpenGLESShader.cpp */,
			);
			name = OpenGLES;
			path = rendering/OpenGLES;
			sourceTree = "<group>";
		};
/* End PBXGroup section */

/* Begin PBXNativeTarget section */
		87304D1D19ED68E700515ECE /* Renderer-iOS */ = {
			isa = PBXNativeTarget;
			buildConfigurationList = 87304D4119ED68E700515ECE /* Build configuration list for PBXNativeTarget "Renderer-iOS" */;
			buildPhases = (
				87304D1A19ED68E700515ECE /* Sources */,
				87304D1B19ED68E700515ECE /* Frameworks */,
				87304D1C19ED68E700515ECE /* Resources */,
			);
			buildRules = (
			);
			dependencies = (
			);
			name = "Renderer-iOS";
			productName = "Renderer-iOS";
			productReference = 87304D1E19ED68E700515ECE /* Renderer-iOS.app */;
			productType = "com.apple.product-type.application";
		};
		87304D3819ED68E700515ECE /* Renderer-iOSTests */ = {
			isa = PBXNativeTarget;
			buildConfigurationList = 87304D4419ED68E700515ECE /* Build configuration list for PBXNativeTarget "Renderer-iOSTests" */;
			buildPhases = (
				87304D3519ED68E700515ECE /* Sources */,
				87304D3619ED68E700515ECE /* Frameworks */,
				87304D3719ED68E700515ECE /* Resources */,
			);
			buildRules = (
			);
			dependencies = (
				87304D3B19ED68E700515ECE /* PBXTargetDependency */,
			);
			name = "Renderer-iOSTests";
			productName = "Renderer-iOSTests";
			productReference = 87304D3919ED68E700515ECE /* Renderer-iOSTests.xctest */;
			productType = "com.apple.product-type.bundle.unit-test";
		};
		87BC838619452C3E00D97C8E /* Renderer */ = {
			isa = PBXNativeTarget;
			buildConfigurationList = 87BC83B819452C3E00D97C8E /* Build configuration list for PBXNativeTarget "Renderer" */;
			buildPhases = (
				87BC838319452C3E00D97C8E /* Sources */,
				87BC838419452C3E00D97C8E /* Frameworks */,
				87BC838519452C3E00D97C8E /* Resources */,
			);
			buildRules = (
			);
			dependencies = (
			);
			name = Renderer;
			productName = Renderer;
			productReference = 87BC838719452C3E00D97C8E /* Renderer.app */;
			productType = "com.apple.product-type.application";
		};
		87BC83A719452C3E00D97C8E /* RendererTests */ = {
			isa = PBXNativeTarget;
			buildConfigurationList = 87BC83BB19452C3E00D97C8E /* Build configuration list for PBXNativeTarget "RendererTests" */;
			buildPhases = (
				87BC83A419452C3E00D97C8E /* Sources */,
				87BC83A519452C3E00D97C8E /* Frameworks */,
				87BC83A619452C3E00D97C8E /* Resources */,
			);
			buildRules = (
			);
			dependencies = (
				87BC83AD19452C3E00D97C8E /* PBXTargetDependency */,
			);
			name = RendererTests;
			productName = RendererTests;
			productReference = 87BC83A819452C3E00D97C8E /* RendererTests.xctest */;
			productType = "com.apple.product-type.bundle.unit-test";
		};
/* End PBXNativeTarget section */

/* Begin PBXProject section */
		87BC837F19452C3E00D97C8E /* Project object */ = {
			isa = PBXProject;
			attributes = {
				CLASSPREFIX = Renderer;
				LastUpgradeCheck = 0510;
				ORGANIZATIONNAME = "Christopher Berry";
				TargetAttributes = {
					87304D1D19ED68E700515ECE = {
						CreatedOnToolsVersion = 6.0.1;
					};
					87304D3819ED68E700515ECE = {
						CreatedOnToolsVersion = 6.0.1;
						TestTargetID = 87304D1D19ED68E700515ECE;
					};
					87BC83A719452C3E00D97C8E = {
						TestTargetID = 87BC838619452C3E00D97C8E;
					};
				};
			};
			buildConfigurationList = 87BC838219452C3E00D97C8E /* Build configuration list for PBXProject "Renderer" */;
			compatibilityVersion = "Xcode 3.2";
			developmentRegion = English;
			hasScannedForEncodings = 0;
			knownRegions = (
				en,
				Base,
			);
			mainGroup = 87BC837E19452C3E00D97C8E;
			productRefGroup = 87BC838819452C3E00D97C8E /* Products */;
			projectDirPath = "";
			projectRoot = "";
			targets = (
				87BC838619452C3E00D97C8E /* Renderer */,
				87BC83A719452C3E00D97C8E /* RendererTests */,
				87304D1D19ED68E700515ECE /* Renderer-iOS */,
				87304D3819ED68E700515ECE /* Renderer-iOSTests */,
			);
		};
/* End PBXProject section */

/* Begin PBXResourcesBuildPhase section */
		87304D1C19ED68E700515ECE /* Resources */ = {
			isa = PBXResourcesBuildPhase;
			buildActionMask = 2147483647;
			files = (
				87304D2F19ED68E700515ECE /* Main.storyboard in Resources */,
				87304D3419ED68E700515ECE /* LaunchScreen.xib in Resources */,
				87304D3119ED68E700515ECE /* Images.xcassets in Resources */,
			);
			runOnlyForDeploymentPostprocessing = 0;
		};
		87304D3719ED68E700515ECE /* Resources */ = {
			isa = PBXResourcesBuildPhase;
			buildActionMask = 2147483647;
			files = (
			);
			runOnlyForDeploymentPostprocessing = 0;
		};
		87BC838519452C3E00D97C8E /* Resources */ = {
			isa = PBXResourcesBuildPhase;
			buildActionMask = 2147483647;
			files = (
				87C224C019702DC50012E201 /* default.vert in Resources */,
				87BC839519452C3E00D97C8E /* InfoPlist.strings in Resources */,
				87BC83A319452C3E00D97C8E /* Images.xcassets in Resources */,
				87BC839B19452C3E00D97C8E /* Credits.rtf in Resources */,
				87468D9619C9BC8C005828CF /* defaultes.vert in Resources */,
				87C224BF19702DC50012E201 /* default.frag in Resources */,
				870CC6C31985B822008A56E5 /* default.geom in Resources */,
				87468D9519C9BC8C005828CF /* defaultes.frag in Resources */,
			);
			runOnlyForDeploymentPostprocessing = 0;
		};
		87BC83A619452C3E00D97C8E /* Resources */ = {
			isa = PBXResourcesBuildPhase;
			buildActionMask = 2147483647;
			files = (
				87BC83B319452C3E00D97C8E /* InfoPlist.strings in Resources */,
			);
			runOnlyForDeploymentPostprocessing = 0;
		};
/* End PBXResourcesBuildPhase section */

/* Begin PBXSourcesBuildPhase section */
		87304D1A19ED68E700515ECE /* Sources */ = {
			isa = PBXSourcesBuildPhase;
			buildActionMask = 2147483647;
			files = (
				87304D2619ED68E700515ECE /* AppDelegate.m in Sources */,
				87304D2919ED68E700515ECE /* Renderer_iOS.xcdatamodeld in Sources */,
				87304D2C19ED68E700515ECE /* RendererViewController.m in Sources */,
				87304D2319ED68E700515ECE /* main.m in Sources */,
				87A041FC19EE646D00440E84 /* Spinner.cpp in Sources */,
			);
			runOnlyForDeploymentPostprocessing = 0;
		};
		87304D3519ED68E700515ECE /* Sources */ = {
			isa = PBXSourcesBuildPhase;
			buildActionMask = 2147483647;
			files = (
				87304D4019ED68E700515ECE /* Renderer_iOSTests.m in Sources */,
			);
			runOnlyForDeploymentPostprocessing = 0;
		};
		87BC838319452C3E00D97C8E /* Sources */ = {
			isa = PBXSourcesBuildPhase;
			buildActionMask = 2147483647;
			files = (
				87468DA519C9BD6A005828CF /* OpenGLMeshRenderer.cpp in Sources */,
				87DE3DBE19C9BF4000D26659 /* Scene.cpp in Sources */,
				87468DAA19C9BD70005828CF /* OpenGLESRenderingContext.cpp in Sources */,
				878A8FAF19EC23AB004AF9A4 /* OpenGLESCommon.cpp in Sources */,
				87D8152319696389009A8A62 /* Window.cpp in Sources */,
				875C4B3919E7025300417CA0 /* ObjectAddable.cpp in Sources */,
				875D419B19E3433C00DD832C /* OpenGLCommon.cpp in Sources */,
				873C753D198A7C9000CC151A /* Material.cpp in Sources */,
				87DE3DC519C9FB0600D26659 /* Transform.cpp in Sources */,
				879D815B19C3456700912C9A /* Application.cpp in Sources */,
				87468DA019C9BD57005828CF /* Camera.cpp in Sources */,
				87EB986419B896B6006E75C1 /* OpenGLESShader.cpp in Sources */,
				87468D9819C9BD16005828CF /* Mesh.cpp in Sources */,
				87DE3DC119C9FADD00D26659 /* Mathf.cpp in Sources */,
				87BB486219C079C000A61967 /* Util.cpp in Sources */,
				87D8152619696392009A8A62 /* EventListener.cpp in Sources */,
				87468DA919C9BD70005828CF /* OpenGLESMeshRenderer.cpp in Sources */,
				87468D9C19C9BD35005828CF /* Object.cpp in Sources */,
				87C75EB219896040007B1B38 /* OpenGLShader.cpp in Sources */,
				87468D9119C9BC73005828CF /* ApplicationFactory.cpp in Sources */,
				877EBB0A19ED18CE00702CF4 /* EmscriptenApplication.cpp in Sources */,
				87468DA219C9BD57005828CF /* RenderingContext.cpp in Sources */,
				87A041FB19EE646D00440E84 /* Spinner.cpp in Sources */,
				87C7B47F19516CFC004C5914 /* main.cpp in Sources */,
				878008D719ADD99700329645 /* MeshFactory.cpp in Sources */,
				8740816C198FE49E00C97976 /* IO.cpp in Sources */,
				87468DA119C9BD57005828CF /* MeshRenderer.cpp in Sources */,
				87C75EAF19895C29007B1B38 /* ShaderFactory.cpp in Sources */,
				87468DA619C9BD6A005828CF /* OpenGLRenderingContext.cpp in Sources */,
			);
			runOnlyForDeploymentPostprocessing = 0;
		};
		87BC83A419452C3E00D97C8E /* Sources */ = {
			isa = PBXSourcesBuildPhase;
			buildActionMask = 2147483647;
			files = (
				87BC83B519452C3E00D97C8E /* RendererTests.m in Sources */,
			);
			runOnlyForDeploymentPostprocessing = 0;
		};
/* End PBXSourcesBuildPhase section */

/* Begin PBXTargetDependency section */
		87304D3B19ED68E700515ECE /* PBXTargetDependency */ = {
			isa = PBXTargetDependency;
			target = 87304D1D19ED68E700515ECE /* Renderer-iOS */;
			targetProxy = 87304D3A19ED68E700515ECE /* PBXContainerItemProxy */;
		};
		87BC83AD19452C3E00D97C8E /* PBXTargetDependency */ = {
			isa = PBXTargetDependency;
			target = 87BC838619452C3E00D97C8E /* Renderer */;
			targetProxy = 87BC83AC19452C3E00D97C8E /* PBXContainerItemProxy */;
		};
/* End PBXTargetDependency section */

/* Begin PBXVariantGroup section */
		87304D2D19ED68E700515ECE /* Main.storyboard */ = {
			isa = PBXVariantGroup;
			children = (
				87304D2E19ED68E700515ECE /* Base */,
			);
			name = Main.storyboard;
			sourceTree = "<group>";
		};
		87304D3219ED68E700515ECE /* LaunchScreen.xib */ = {
			isa = PBXVariantGroup;
			children = (
				87304D3319ED68E700515ECE /* Base */,
			);
			name = LaunchScreen.xib;
			sourceTree = "<group>";
		};
		87BC839319452C3E00D97C8E /* InfoPlist.strings */ = {
			isa = PBXVariantGroup;
			children = (
				87BC839419452C3E00D97C8E /* en */,
			);
			name = InfoPlist.strings;
			sourceTree = "<group>";
		};
		87BC839919452C3E00D97C8E /* Credits.rtf */ = {
			isa = PBXVariantGroup;
			children = (
				87BC839A19452C3E00D97C8E /* en */,
			);
			name = Credits.rtf;
			sourceTree = "<group>";
		};
		87BC83B119452C3E00D97C8E /* InfoPlist.strings */ = {
			isa = PBXVariantGroup;
			children = (
				87BC83B219452C3E00D97C8E /* en */,
			);
			name = InfoPlist.strings;
			sourceTree = "<group>";
		};
/* End PBXVariantGroup section */

/* Begin XCBuildConfiguration section */
		87304D4219ED68E700515ECE /* Debug */ = {
			isa = XCBuildConfiguration;
			buildSettings = {
				ALWAYS_SEARCH_USER_PATHS = NO;
				ASSETCATALOG_COMPILER_APPICON_NAME = AppIcon;
				CLANG_WARN_UNREACHABLE_CODE = YES;
				"CODE_SIGN_IDENTITY[sdk=iphoneos*]" = "iPhone Developer";
				ENABLE_STRICT_OBJC_MSGSEND = YES;
				GCC_PREPROCESSOR_DEFINITIONS = (
					"DEBUG=1",
					"$(inherited)",
				);
				INFOPLIST_FILE = "Renderer-iOS/Info.plist";
				IPHONEOS_DEPLOYMENT_TARGET = 8.0;
				LD_RUNPATH_SEARCH_PATHS = "$(inherited) @executable_path/Frameworks";
				LIBRARY_SEARCH_PATHS = (
					"$(inherited)",
					"$(PROJECT_DIR)",
				);
				MTL_ENABLE_DEBUG_INFO = YES;
				PRODUCT_NAME = "$(TARGET_NAME)";
				SDKROOT = iphoneos;
				TARGETED_DEVICE_FAMILY = "1,2";
			};
			name = Debug;
		};
		87304D4319ED68E700515ECE /* Release */ = {
			isa = XCBuildConfiguration;
			buildSettings = {
				ALWAYS_SEARCH_USER_PATHS = NO;
				ASSETCATALOG_COMPILER_APPICON_NAME = AppIcon;
				CLANG_WARN_UNREACHABLE_CODE = YES;
				"CODE_SIGN_IDENTITY[sdk=iphoneos*]" = "iPhone Developer";
				ENABLE_STRICT_OBJC_MSGSEND = YES;
				INFOPLIST_FILE = "Renderer-iOS/Info.plist";
				IPHONEOS_DEPLOYMENT_TARGET = 8.0;
				LD_RUNPATH_SEARCH_PATHS = "$(inherited) @executable_path/Frameworks";
				LIBRARY_SEARCH_PATHS = (
					"$(inherited)",
					"$(PROJECT_DIR)",
				);
				MTL_ENABLE_DEBUG_INFO = NO;
				PRODUCT_NAME = "$(TARGET_NAME)";
				SDKROOT = iphoneos;
				TARGETED_DEVICE_FAMILY = "1,2";
				VALIDATE_PRODUCT = YES;
			};
			name = Release;
		};
		87304D4519ED68E700515ECE /* Debug */ = {
			isa = XCBuildConfiguration;
			buildSettings = {
				ALWAYS_SEARCH_USER_PATHS = NO;
				BUNDLE_LOADER = "$(TEST_HOST)";
				CLANG_WARN_UNREACHABLE_CODE = YES;
				ENABLE_STRICT_OBJC_MSGSEND = YES;
				FRAMEWORK_SEARCH_PATHS = (
					"$(SDKROOT)/Developer/Library/Frameworks",
					"$(inherited)",
				);
				GCC_PREPROCESSOR_DEFINITIONS = (
					"DEBUG=1",
					"$(inherited)",
				);
				INFOPLIST_FILE = "Renderer-iOSTests/Info.plist";
				IPHONEOS_DEPLOYMENT_TARGET = 8.0;
				LD_RUNPATH_SEARCH_PATHS = "$(inherited) @executable_path/Frameworks @loader_path/Frameworks";
				MTL_ENABLE_DEBUG_INFO = YES;
				PRODUCT_NAME = "$(TARGET_NAME)";
				SDKROOT = iphoneos;
				TEST_HOST = "$(BUILT_PRODUCTS_DIR)/Renderer-iOS.app/Renderer-iOS";
			};
			name = Debug;
		};
		87304D4619ED68E700515ECE /* Release */ = {
			isa = XCBuildConfiguration;
			buildSettings = {
				ALWAYS_SEARCH_USER_PATHS = NO;
				BUNDLE_LOADER = "$(TEST_HOST)";
				CLANG_WARN_UNREACHABLE_CODE = YES;
				ENABLE_STRICT_OBJC_MSGSEND = YES;
				FRAMEWORK_SEARCH_PATHS = (
					"$(SDKROOT)/Developer/Library/Frameworks",
					"$(inherited)",
				);
				INFOPLIST_FILE = "Renderer-iOSTests/Info.plist";
				IPHONEOS_DEPLOYMENT_TARGET = 8.0;
				LD_RUNPATH_SEARCH_PATHS = "$(inherited) @executable_path/Frameworks @loader_path/Frameworks";
				MTL_ENABLE_DEBUG_INFO = NO;
				PRODUCT_NAME = "$(TARGET_NAME)";
				SDKROOT = iphoneos;
				TEST_HOST = "$(BUILT_PRODUCTS_DIR)/Renderer-iOS.app/Renderer-iOS";
				VALIDATE_PRODUCT = YES;
			};
			name = Release;
		};
		87BC83B619452C3E00D97C8E /* Debug */ = {
			isa = XCBuildConfiguration;
			buildSettings = {
				ALWAYS_SEARCH_USER_PATHS = YES;
				CLANG_CXX_LANGUAGE_STANDARD = "gnu++0x";
				CLANG_CXX_LIBRARY = "libc++";
				CLANG_ENABLE_MODULES = YES;
				CLANG_ENABLE_OBJC_ARC = YES;
				CLANG_WARN_BOOL_CONVERSION = YES;
				CLANG_WARN_CONSTANT_CONVERSION = YES;
				CLANG_WARN_DIRECT_OBJC_ISA_USAGE = YES_ERROR;
				CLANG_WARN_EMPTY_BODY = YES;
				CLANG_WARN_ENUM_CONVERSION = YES;
				CLANG_WARN_INT_CONVERSION = YES;
				CLANG_WARN_OBJC_ROOT_CLASS = YES_ERROR;
				CLANG_WARN__DUPLICATE_METHOD_MATCH = YES;
				COPY_PHASE_STRIP = NO;
				GCC_C_LANGUAGE_STANDARD = gnu99;
				GCC_DYNAMIC_NO_PIC = NO;
				GCC_ENABLE_OBJC_EXCEPTIONS = YES;
				GCC_OPTIMIZATION_LEVEL = 0;
				GCC_PREPROCESSOR_DEFINITIONS = (
					"DEBUG=1",
					"$(inherited)",
				);
				GCC_SYMBOLS_PRIVATE_EXTERN = NO;
				GCC_WARN_64_TO_32_BIT_CONVERSION = YES;
				GCC_WARN_ABOUT_RETURN_TYPE = YES_ERROR;
				GCC_WARN_UNDECLARED_SELECTOR = YES;
				GCC_WARN_UNINITIALIZED_AUTOS = YES_AGGRESSIVE;
				GCC_WARN_UNUSED_FUNCTION = YES;
				GCC_WARN_UNUSED_VARIABLE = YES;
				MACOSX_DEPLOYMENT_TARGET = 10.9;
				ONLY_ACTIVE_ARCH = YES;
				SDKROOT = macosx;
				"USER_HEADER_SEARCH_PATHS[arch=*]" = "\"${PROJECT_DIR}\"/../src";
			};
			name = Debug;
		};
		87BC83B719452C3E00D97C8E /* Release */ = {
			isa = XCBuildConfiguration;
			buildSettings = {
				ALWAYS_SEARCH_USER_PATHS = YES;
				CLANG_CXX_LANGUAGE_STANDARD = "gnu++0x";
				CLANG_CXX_LIBRARY = "libc++";
				CLANG_ENABLE_MODULES = YES;
				CLANG_ENABLE_OBJC_ARC = YES;
				CLANG_WARN_BOOL_CONVERSION = YES;
				CLANG_WARN_CONSTANT_CONVERSION = YES;
				CLANG_WARN_DIRECT_OBJC_ISA_USAGE = YES_ERROR;
				CLANG_WARN_EMPTY_BODY = YES;
				CLANG_WARN_ENUM_CONVERSION = YES;
				CLANG_WARN_INT_CONVERSION = YES;
				CLANG_WARN_OBJC_ROOT_CLASS = YES_ERROR;
				CLANG_WARN__DUPLICATE_METHOD_MATCH = YES;
				COPY_PHASE_STRIP = YES;
				DEBUG_INFORMATION_FORMAT = "dwarf-with-dsym";
				ENABLE_NS_ASSERTIONS = NO;
				GCC_C_LANGUAGE_STANDARD = gnu99;
				GCC_ENABLE_OBJC_EXCEPTIONS = YES;
				GCC_WARN_64_TO_32_BIT_CONVERSION = YES;
				GCC_WARN_ABOUT_RETURN_TYPE = YES_ERROR;
				GCC_WARN_UNDECLARED_SELECTOR = YES;
				GCC_WARN_UNINITIALIZED_AUTOS = YES_AGGRESSIVE;
				GCC_WARN_UNUSED_FUNCTION = YES;
				GCC_WARN_UNUSED_VARIABLE = YES;
				MACOSX_DEPLOYMENT_TARGET = 10.9;
				SDKROOT = macosx;
				"USER_HEADER_SEARCH_PATHS[arch=*]" = "\"${PROJECT_DIR}\"/../src";
			};
			name = Release;
		};
		87BC83B919452C3E00D97C8E /* Debug */ = {
			isa = XCBuildConfiguration;
			buildSettings = {
				ASSETCATALOG_COMPILER_APPICON_NAME = AppIcon;
				COMBINE_HIDPI_IMAGES = YES;
				FRAMEWORK_SEARCH_PATHS = (
					"$(inherited)",
					"$(LOCAL_LIBRARY_DIR)/Frameworks",
				);
				GCC_PRECOMPILE_PREFIX_HEADER = YES;
				GCC_PREFIX_HEADER = "Renderer/Renderer-Prefix.pch";
				INFOPLIST_FILE = "Renderer/Renderer-Info.plist";
				LIBRARY_SEARCH_PATHS = (
					"$(inherited)",
					"$(LOCAL_LIBRARY_DIR)/Frameworks/SDL2.framework/Versions/A",
					"$(SDKROOT)/usr/lib/system",
				);
				PRODUCT_NAME = "$(TARGET_NAME)";
				WRAPPER_EXTENSION = app;
			};
			name = Debug;
		};
		87BC83BA19452C3E00D97C8E /* Release */ = {
			isa = XCBuildConfiguration;
			buildSettings = {
				ASSETCATALOG_COMPILER_APPICON_NAME = AppIcon;
				COMBINE_HIDPI_IMAGES = YES;
				FRAMEWORK_SEARCH_PATHS = (
					"$(inherited)",
					"$(LOCAL_LIBRARY_DIR)/Frameworks",
				);
				GCC_PRECOMPILE_PREFIX_HEADER = YES;
				GCC_PREFIX_HEADER = "Renderer/Renderer-Prefix.pch";
				INFOPLIST_FILE = "Renderer/Renderer-Info.plist";
				LIBRARY_SEARCH_PATHS = (
					"$(inherited)",
					"$(LOCAL_LIBRARY_DIR)/Frameworks/SDL2.framework/Versions/A",
					"$(SDKROOT)/usr/lib/system",
				);
				PRODUCT_NAME = "$(TARGET_NAME)";
				WRAPPER_EXTENSION = app;
			};
			name = Release;
		};
		87BC83BC19452C3E00D97C8E /* Debug */ = {
			isa = XCBuildConfiguration;
			buildSettings = {
				BUNDLE_LOADER = "$(BUILT_PRODUCTS_DIR)/Renderer.app/Contents/MacOS/Renderer";
				COMBINE_HIDPI_IMAGES = YES;
				FRAMEWORK_SEARCH_PATHS = (
					"$(DEVELOPER_FRAMEWORKS_DIR)",
					"$(inherited)",
				);
				GCC_PRECOMPILE_PREFIX_HEADER = YES;
				GCC_PREFIX_HEADER = "Renderer/Renderer-Prefix.pch";
				GCC_PREPROCESSOR_DEFINITIONS = (
					"DEBUG=1",
					"$(inherited)",
				);
				INFOPLIST_FILE = "RendererTests/RendererTests-Info.plist";
				PRODUCT_NAME = "$(TARGET_NAME)";
				TEST_HOST = "$(BUNDLE_LOADER)";
				WRAPPER_EXTENSION = xctest;
			};
			name = Debug;
		};
		87BC83BD19452C3E00D97C8E /* Release */ = {
			isa = XCBuildConfiguration;
			buildSettings = {
				BUNDLE_LOADER = "$(BUILT_PRODUCTS_DIR)/Renderer.app/Contents/MacOS/Renderer";
				COMBINE_HIDPI_IMAGES = YES;
				FRAMEWORK_SEARCH_PATHS = (
					"$(DEVELOPER_FRAMEWORKS_DIR)",
					"$(inherited)",
				);
				GCC_PRECOMPILE_PREFIX_HEADER = YES;
				GCC_PREFIX_HEADER = "Renderer/Renderer-Prefix.pch";
				INFOPLIST_FILE = "RendererTests/RendererTests-Info.plist";
				PRODUCT_NAME = "$(TARGET_NAME)";
				TEST_HOST = "$(BUNDLE_LOADER)";
				WRAPPER_EXTENSION = xctest;
			};
			name = Release;
		};
/* End XCBuildConfiguration section */

/* Begin XCConfigurationList section */
		87304D4119ED68E700515ECE /* Build configuration list for PBXNativeTarget "Renderer-iOS" */ = {
			isa = XCConfigurationList;
			buildConfigurations = (
				87304D4219ED68E700515ECE /* Debug */,
				87304D4319ED68E700515ECE /* Release */,
			);
			defaultConfigurationIsVisible = 0;
			defaultConfigurationName = Release;
		};
		87304D4419ED68E700515ECE /* Build configuration list for PBXNativeTarget "Renderer-iOSTests" */ = {
			isa = XCConfigurationList;
			buildConfigurations = (
				87304D4519ED68E700515ECE /* Debug */,
				87304D4619ED68E700515ECE /* Release */,
			);
			defaultConfigurationIsVisible = 0;
			defaultConfigurationName = Release;
		};
		87BC838219452C3E00D97C8E /* Build configuration list for PBXProject "Renderer" */ = {
			isa = XCConfigurationList;
			buildConfigurations = (
				87BC83B619452C3E00D97C8E /* Debug */,
				87BC83B719452C3E00D97C8E /* Release */,
			);
			defaultConfigurationIsVisible = 0;
			defaultConfigurationName = Release;
		};
		87BC83B819452C3E00D97C8E /* Build configuration list for PBXNativeTarget "Renderer" */ = {
			isa = XCConfigurationList;
			buildConfigurations = (
				87BC83B919452C3E00D97C8E /* Debug */,
				87BC83BA19452C3E00D97C8E /* Release */,
			);
			defaultConfigurationIsVisible = 0;
			defaultConfigurationName = Release;
		};
		87BC83BB19452C3E00D97C8E /* Build configuration list for PBXNativeTarget "RendererTests" */ = {
			isa = XCConfigurationList;
			buildConfigurations = (
				87BC83BC19452C3E00D97C8E /* Debug */,
				87BC83BD19452C3E00D97C8E /* Release */,
			);
			defaultConfigurationIsVisible = 0;
			defaultConfigurationName = Release;
		};
/* End XCConfigurationList section */

/* Begin XCVersionGroup section */
		87304D2719ED68E700515ECE /* Renderer_iOS.xcdatamodeld */ = {
			isa = XCVersionGroup;
			children = (
				87304D2819ED68E700515ECE /* Renderer_iOS.xcdatamodel */,
			);
			currentVersion = 87304D2819ED68E700515ECE /* Renderer_iOS.xcdatamodel */;
			path = Renderer_iOS.xcdatamodeld;
			sourceTree = "<group>";
			versionGroupType = wrapper.xcdatamodel;
		};
/* End XCVersionGroup section */
	};
	rootObject = 87BC837F19452C3E00D97C8E /* Project object */;
}
